<?xml version="1.0" encoding="utf-8"?>
<Project ToolsVersion="4.0" xmlns="http://schemas.microsoft.com/developer/msbuild/2003">
  <ItemGroup>
    <Filter Include="リソース ファイル">
      <UniqueIdentifier>{67DA6AB6-F800-4c08-8B7A-83BB121AAD01}</UniqueIdentifier>
      <Extensions>rc;ico;cur;bmp;dlg;rc2;rct;bin;rgs;gif;jpg;jpeg;jpe;resx;tiff;tif;png;wav;mfcribbon-ms</Extensions>
    </Filter>
    <Filter Include="Core">
      <UniqueIdentifier>{21c34f82-4470-4a80-9a04-546deb73b997}</UniqueIdentifier>
    </Filter>
    <Filter Include="EasyMIDIController">
      <UniqueIdentifier>{4fa05a7e-9dbb-4bb8-918f-a104b89515bb}</UniqueIdentifier>
    </Filter>
    <Filter Include="SceneGraph">
      <UniqueIdentifier>{7a29e829-bd68-4993-98b4-b0b3fa7be093}</UniqueIdentifier>
    </Filter>
    <Filter Include="Gfx">
      <UniqueIdentifier>{1070b08a-17ff-4024-ad71-ad8a5ceee2bb}</UniqueIdentifier>
    </Filter>
    <Filter Include="Utility">
      <UniqueIdentifier>{0dfa8368-89a3-4007-a609-88c770ac5b14}</UniqueIdentifier>
    </Filter>
  </ItemGroup>
  <ItemGroup>
    <ClInclude Include="..\src\Core\CoreWindow.h">
      <Filter>Core</Filter>
    </ClInclude>
    <ClInclude Include="..\src\Core\Type.h">
      <Filter>Core</Filter>
    </ClInclude>
    <ClInclude Include="..\src\Core\CoreWindow_wgl.h">
      <Filter>Core</Filter>
    </ClInclude>
    <ClInclude Include="..\src\Core\UI\icons.h">
      <Filter>Core</Filter>
    </ClInclude>
    <ClInclude Include="..\src\Core\Log.h">
      <Filter>Core</Filter>
    </ClInclude>
    <ClInclude Include="..\src\Core\Math.h">
      <Filter>Core</Filter>
    </ClInclude>
    <ClInclude Include="..\src\Core\MatrixStack.h">
      <Filter>Core</Filter>
    </ClInclude>
    <ClInclude Include="..\src\Core\Memory.h">
      <Filter>Core</Filter>
    </ClInclude>
    <ClInclude Include="..\src\Core\MOE.h">
      <Filter>Core</Filter>
    </ClInclude>
    <ClInclude Include="..\src\Core\UI\mplus1cmedium.h">
      <Filter>Core</Filter>
    </ClInclude>
    <ClInclude Include="..\src\Core\UI\SimpleGUI.h">
      <Filter>Core</Filter>
    </ClInclude>
    <ClInclude Include="..\src\Core\UI\SimpleShader.h">
      <Filter>Core</Filter>
    </ClInclude>
    <ClInclude Include="..\src\Core\UI\SimpleTex.h">
      <Filter>Core</Filter>
    </ClInclude>
    <ClInclude Include="..\src\Core\UI\SimpleVB.h">
      <Filter>Core</Filter>
    </ClInclude>
    <ClInclude Include="..\src\Core\UI\skBaseGUI.h">
      <Filter>Core</Filter>
    </ClInclude>
    <ClInclude Include="..\src\Core\UI\stb_truetype.h">
      <Filter>Core</Filter>
    </ClInclude>
    <ClInclude Include="..\src\Core\Stream.h">
      <Filter>Core</Filter>
    </ClInclude>
    <ClInclude Include="..\src\Core\Time.h">
      <Filter>Core</Filter>
    </ClInclude>
    <ClInclude Include="..\src\EasyMIDIController\EasyMIDIController.h">
      <Filter>EasyMIDIController</Filter>
    </ClInclude>
    <ClInclude Include="..\src\SceneGraph\Geometry.h">
      <Filter>SceneGraph</Filter>
    </ClInclude>
    <ClInclude Include="..\src\SceneGraph\GeometryCache.h">
      <Filter>SceneGraph</Filter>
    </ClInclude>
    <ClInclude Include="..\src\SceneGraph\Group.h">
      <Filter>SceneGraph</Filter>
    </ClInclude>
    <ClInclude Include="..\src\SceneGraph\Material.h">
      <Filter>SceneGraph</Filter>
    </ClInclude>
    <ClInclude Include="..\src\SceneGraph\Node.h">
      <Filter>SceneGraph</Filter>
    </ClInclude>
    <ClInclude Include="..\src\SceneGraph\NodeType.h">
      <Filter>SceneGraph</Filter>
    </ClInclude>
    <ClInclude Include="..\src\SceneGraph\SceneGraph.h">
      <Filter>SceneGraph</Filter>
    </ClInclude>
    <ClInclude Include="..\src\SceneGraph\Transform.h">
      <Filter>SceneGraph</Filter>
    </ClInclude>
    <ClInclude Include="..\src\SceneGraph\Util.h">
      <Filter>SceneGraph</Filter>
    </ClInclude>
    <ClInclude Include="..\src\Gfx\Graphics.h">
      <Filter>Gfx</Filter>
    </ClInclude>
    <ClInclude Include="..\src\Gfx\RenderDevice.h">
      <Filter>Gfx</Filter>
    </ClInclude>
    <ClInclude Include="..\src\Gfx\ShaderProgramObject.h">
      <Filter>Gfx</Filter>
    </ClInclude>
    <ClInclude Include="..\src\Gfx\Graphics\glext.h">
      <Filter>Gfx</Filter>
    </ClInclude>
    <ClInclude Include="..\src\Gfx\Graphics\Graphics_impl.h">
      <Filter>Gfx</Filter>
    </ClInclude>
    <ClInclude Include="..\src\Gfx\Graphics\GraphicsProfiler.h">
      <Filter>Gfx</Filter>
    </ClInclude>
    <ClInclude Include="..\src\Gfx\Graphics\wglext.h">
      <Filter>Gfx</Filter>
    </ClInclude>
    <ClInclude Include="..\src\Gfx\Graphics\WGLExtention.h">
      <Filter>Gfx</Filter>
    </ClInclude>
    <ClInclude Include="..\src\Utility\Trigger.h">
      <Filter>Utility</Filter>
    </ClInclude>
    <ClInclude Include="..\src\Utility\Range.h">
      <Filter>Utility</Filter>
    </ClInclude>
    <ClInclude Include="..\src\Utility\Bpm.h">
      <Filter>Utility</Filter>
    </ClInclude>
    <ClInclude Include="..\src\Utility\Event.h">
      <Filter>Utility</Filter>
    </ClInclude>
    <ClInclude Include="..\src\Utility\Parameters.h">
      <Filter>Utility</Filter>
    </ClInclude>
    <ClInclude Include="..\src\Utility\StringUtils.h">
      <Filter>Utility</Filter>
    </ClInclude>
    <ClInclude Include="..\src\Utility\Parser.h">
      <Filter>Utility</Filter>
    </ClInclude>
  </ItemGroup>
  <ItemGroup>
    <ClCompile Include="..\src\Core\CoreWindow_wgl.cpp">
      <Filter>Core</Filter>
    </ClCompile>
    <ClCompile Include="..\src\Core\Log.cpp">
      <Filter>Core</Filter>
    </ClCompile>
    <ClCompile Include="..\src\Core\Memory.cpp">
      <Filter>Core</Filter>
    </ClCompile>
    <ClCompile Include="..\src\Core\Stream.cpp">
      <Filter>Core</Filter>
    </ClCompile>
    <ClCompile Include="..\src\EasyMIDIController\EasyMIDIController.cpp">
      <Filter>EasyMIDIController</Filter>
    </ClCompile>
    <ClCompile Include="..\src\Gfx\RenderDevice.cpp">
      <Filter>Gfx</Filter>
    </ClCompile>
    <ClCompile Include="..\src\Gfx\ShaderProgramObject.cpp">
      <Filter>Gfx</Filter>
    </ClCompile>
    <ClCompile Include="..\src\Gfx\Graphics\WGLExtention.cpp">
      <Filter>Gfx</Filter>
    </ClCompile>
    <ClCompile Include="..\src\main.cpp" />
    <ClCompile Include="..\src\Utility\Trigger.cpp">
      <Filter>Utility</Filter>
    </ClCompile>
    <ClCompile Include="..\src\Utility\Range.cpp">
      <Filter>Utility</Filter>
    </ClCompile>
    <ClCompile Include="..\src\Utility\Bpm.cpp">
      <Filter>Utility</Filter>
    </ClCompile>
    <ClCompile Include="..\src\Utility\Event.cpp">
      <Filter>Utility</Filter>
    </ClCompile>
    <ClCompile Include="..\src\Utility\Parameters.cpp">
      <Filter>Utility</Filter>
    </ClCompile>
    <ClCompile Include="..\src\Utility\StringUtils.cpp">
      <Filter>Utility</Filter>
    </ClCompile>
    <ClCompile Include="..\src\Utility\Parser.cpp">
      <Filter>Utility</Filter>
    </ClCompile>
  </ItemGroup>
</Project>