// !$*UTF8*$!
{
	archiveVersion = 1;
	classes = {
	};
	objectVersion = 46;
	objects = {

/* Begin PBXBuildFile section */
		770A51A216DE6FCF00872F21 /* CoreWindow_mac.mm in Sources */ = {isa = PBXBuildFile; fileRef = 770A517816DE6FCF00872F21 /* CoreWindow_mac.mm */; };
		770A51A516DE6FCF00872F21 /* Log.cpp in Sources */ = {isa = PBXBuildFile; fileRef = 770A517D16DE6FCF00872F21 /* Log.cpp */; };
		770A51A616DE6FCF00872F21 /* Memory.cpp in Sources */ = {isa = PBXBuildFile; fileRef = 770A518116DE6FCF00872F21 /* Memory.cpp */; };
		770A51A716DE6FCF00872F21 /* Stream.cpp in Sources */ = {isa = PBXBuildFile; fileRef = 770A518416DE6FCF00872F21 /* Stream.cpp */; };
		770A51A916DE6FCF00872F21 /* EasyMIDIController.mm in Sources */ = {isa = PBXBuildFile; fileRef = 770A519416DE6FCF00872F21 /* EasyMIDIController.mm */; };
		770A51AA16DE6FCF00872F21 /* WGLExtention.cpp in Sources */ = {isa = PBXBuildFile; fileRef = 770A519B16DE6FCF00872F21 /* WGLExtention.cpp */; };
		770A51AB16DE6FCF00872F21 /* RenderDevice.cpp in Sources */ = {isa = PBXBuildFile; fileRef = 770A519E16DE6FCF00872F21 /* RenderDevice.cpp */; };
		770A51AC16DE6FCF00872F21 /* ShaderProgramObject.cpp in Sources */ = {isa = PBXBuildFile; fileRef = 770A51A016DE6FCF00872F21 /* ShaderProgramObject.cpp */; };
		77B04A45168DE9700068FCE6 /* main.cpp in Sources */ = {isa = PBXBuildFile; fileRef = 77B04A44168DE9700068FCE6 /* main.cpp */; };
		77B04A47168DEA590068FCE6 /* MOE3-Info.plist in Resources */ = {isa = PBXBuildFile; fileRef = 77B04A46168DEA590068FCE6 /* MOE3-Info.plist */; };
		77B04A6E168DF7FA0068FCE6 /* CoreMIDI.framework in Frameworks */ = {isa = PBXBuildFile; fileRef = 77B04A6D168DF7FA0068FCE6 /* CoreMIDI.framework */; };
		77E5213315DF2A87000595F8 /* Cocoa.framework in Frameworks */ = {isa = PBXBuildFile; fileRef = 77E5213215DF2A87000595F8 /* Cocoa.framework */; };
		77E5215E15DF2CDE000595F8 /* OpenGL.framework in Frameworks */ = {isa = PBXBuildFile; fileRef = 77E5215D15DF2CDE000595F8 /* OpenGL.framework */; };
/* End PBXBuildFile section */

/* Begin PBXFileReference section */
		770A517616DE6FCF00872F21 /* CoreWindow.h */ = {isa = PBXFileReference; fileEncoding = 4; lastKnownFileType = sourcecode.c.h; path = CoreWindow.h; sourceTree = "<group>"; };
		770A517716DE6FCF00872F21 /* CoreWindow_mac.h */ = {isa = PBXFileReference; fileEncoding = 4; lastKnownFileType = sourcecode.c.h; path = CoreWindow_mac.h; sourceTree = "<group>"; };
		770A517816DE6FCF00872F21 /* CoreWindow_mac.mm */ = {isa = PBXFileReference; fileEncoding = 4; lastKnownFileType = sourcecode.cpp.objcpp; path = CoreWindow_mac.mm; sourceTree = "<group>"; };
		770A517D16DE6FCF00872F21 /* Log.cpp */ = {isa = PBXFileReference; fileEncoding = 4; lastKnownFileType = sourcecode.cpp.cpp; path = Log.cpp; sourceTree = "<group>"; };
		770A517E16DE6FCF00872F21 /* Log.h */ = {isa = PBXFileReference; fileEncoding = 4; lastKnownFileType = sourcecode.c.h; path = Log.h; sourceTree = "<group>"; };
		770A517F16DE6FCF00872F21 /* Math.h */ = {isa = PBXFileReference; fileEncoding = 4; lastKnownFileType = sourcecode.c.h; path = Math.h; sourceTree = "<group>"; };
		770A518016DE6FCF00872F21 /* MatrixStack.h */ = {isa = PBXFileReference; fileEncoding = 4; lastKnownFileType = sourcecode.c.h; path = MatrixStack.h; sourceTree = "<group>"; };
		770A518116DE6FCF00872F21 /* Memory.cpp */ = {isa = PBXFileReference; fileEncoding = 4; lastKnownFileType = sourcecode.cpp.cpp; path = Memory.cpp; sourceTree = "<group>"; };
		770A518216DE6FCF00872F21 /* Memory.h */ = {isa = PBXFileReference; fileEncoding = 4; lastKnownFileType = sourcecode.c.h; path = Memory.h; sourceTree = "<group>"; };
		770A518316DE6FCF00872F21 /* MOE.h */ = {isa = PBXFileReference; fileEncoding = 4; lastKnownFileType = sourcecode.c.h; path = MOE.h; sourceTree = "<group>"; };
		770A518416DE6FCF00872F21 /* Stream.cpp */ = {isa = PBXFileReference; fileEncoding = 4; lastKnownFileType = sourcecode.cpp.cpp; path = Stream.cpp; sourceTree = "<group>"; };
		770A518516DE6FCF00872F21 /* Stream.h */ = {isa = PBXFileReference; fileEncoding = 4; lastKnownFileType = sourcecode.c.h; path = Stream.h; sourceTree = "<group>"; };
		770A518616DE6FCF00872F21 /* Time.h */ = {isa = PBXFileReference; fileEncoding = 4; lastKnownFileType = sourcecode.c.h; path = Time.h; sourceTree = "<group>"; };
		770A518716DE6FCF00872F21 /* Type.h */ = {isa = PBXFileReference; fileEncoding = 4; lastKnownFileType = sourcecode.c.h; path = Type.h; sourceTree = "<group>"; };
		770A518916DE6FCF00872F21 /* icons.h */ = {isa = PBXFileReference; fileEncoding = 4; lastKnownFileType = sourcecode.c.h; path = icons.h; sourceTree = "<group>"; };
		770A518A16DE6FCF00872F21 /* mplus1cmedium.h */ = {isa = PBXFileReference; fileEncoding = 4; lastKnownFileType = sourcecode.c.h; path = mplus1cmedium.h; sourceTree = "<group>"; };
		770A518B16DE6FCF00872F21 /* SimpleGUI.h */ = {isa = PBXFileReference; fileEncoding = 4; lastKnownFileType = sourcecode.c.h; path = SimpleGUI.h; sourceTree = "<group>"; };
		770A518C16DE6FCF00872F21 /* SimpleShader.h */ = {isa = PBXFileReference; fileEncoding = 4; lastKnownFileType = sourcecode.c.h; path = SimpleShader.h; sourceTree = "<group>"; };
		770A518D16DE6FCF00872F21 /* SimpleTex.h */ = {isa = PBXFileReference; fileEncoding = 4; lastKnownFileType = sourcecode.c.h; path = SimpleTex.h; sourceTree = "<group>"; };
		770A518E16DE6FCF00872F21 /* SimpleVB.h */ = {isa = PBXFileReference; fileEncoding = 4; lastKnownFileType = sourcecode.c.h; path = SimpleVB.h; sourceTree = "<group>"; };
		770A518F16DE6FCF00872F21 /* skBaseGUI.h */ = {isa = PBXFileReference; fileEncoding = 4; lastKnownFileType = sourcecode.c.h; path = skBaseGUI.h; sourceTree = "<group>"; };
		770A519016DE6FCF00872F21 /* stb_truetype.h */ = {isa = PBXFileReference; fileEncoding = 4; lastKnownFileType = sourcecode.c.h; path = stb_truetype.h; sourceTree = "<group>"; };
		770A519316DE6FCF00872F21 /* EasyMIDIController.h */ = {isa = PBXFileReference; fileEncoding = 4; lastKnownFileType = sourcecode.c.h; path = EasyMIDIController.h; sourceTree = "<group>"; };
		770A519416DE6FCF00872F21 /* EasyMIDIController.mm */ = {isa = PBXFileReference; fileEncoding = 4; lastKnownFileType = sourcecode.cpp.objcpp; path = EasyMIDIController.mm; sourceTree = "<group>"; };
		770A519716DE6FCF00872F21 /* glext.h */ = {isa = PBXFileReference; fileEncoding = 4; lastKnownFileType = sourcecode.c.h; path = glext.h; sourceTree = "<group>"; };
		770A519816DE6FCF00872F21 /* Graphics_impl.h */ = {isa = PBXFileReference; fileEncoding = 4; lastKnownFileType = sourcecode.c.h; path = Graphics_impl.h; sourceTree = "<group>"; };
		770A519916DE6FCF00872F21 /* GraphicsProfiler.h */ = {isa = PBXFileReference; fileEncoding = 4; lastKnownFileType = sourcecode.c.h; path = GraphicsProfiler.h; sourceTree = "<group>"; };
		770A519A16DE6FCF00872F21 /* wglext.h */ = {isa = PBXFileReference; fileEncoding = 4; lastKnownFileType = sourcecode.c.h; path = wglext.h; sourceTree = "<group>"; };
		770A519B16DE6FCF00872F21 /* WGLExtention.cpp */ = {isa = PBXFileReference; fileEncoding = 4; lastKnownFileType = sourcecode.cpp.cpp; path = WGLExtention.cpp; sourceTree = "<group>"; };
		770A519C16DE6FCF00872F21 /* WGLExtention.h */ = {isa = PBXFileReference; fileEncoding = 4; lastKnownFileType = sourcecode.c.h; path = WGLExtention.h; sourceTree = "<group>"; };
		770A519D16DE6FCF00872F21 /* Graphics.h */ = {isa = PBXFileReference; fileEncoding = 4; lastKnownFileType = sourcecode.c.h; path = Graphics.h; sourceTree = "<group>"; };
		770A519E16DE6FCF00872F21 /* RenderDevice.cpp */ = {isa = PBXFileReference; fileEncoding = 4; lastKnownFileType = sourcecode.cpp.cpp; path = RenderDevice.cpp; sourceTree = "<group>"; };
		770A519F16DE6FCF00872F21 /* RenderDevice.h */ = {isa = PBXFileReference; fileEncoding = 4; lastKnownFileType = sourcecode.c.h; path = RenderDevice.h; sourceTree = "<group>"; };
		770A51A016DE6FCF00872F21 /* ShaderProgramObject.cpp */ = {isa = PBXFileReference; fileEncoding = 4; lastKnownFileType = sourcecode.cpp.cpp; path = ShaderProgramObject.cpp; sourceTree = "<group>"; };
		770A51A116DE6FCF00872F21 /* ShaderProgramObject.h */ = {isa = PBXFileReference; fileEncoding = 4; lastKnownFileType = sourcecode.c.h; path = ShaderProgramObject.h; sourceTree = "<group>"; };
		770A51AE16E23CE200872F21 /* Geometry.h */ = {isa = PBXFileReference; lastKnownFileType = sourcecode.c.h; path = Geometry.h; sourceTree = "<group>"; };
		770A51AF16E23CE200872F21 /* GeometryCache.h */ = {isa = PBXFileReference; lastKnownFileType = sourcecode.c.h; path = GeometryCache.h; sourceTree = "<group>"; };
		770A51B016E23CE200872F21 /* Group.h */ = {isa = PBXFileReference; lastKnownFileType = sourcecode.c.h; path = Group.h; sourceTree = "<group>"; };
		770A51B116E23CE200872F21 /* Material.h */ = {isa = PBXFileReference; lastKnownFileType = sourcecode.c.h; path = Material.h; sourceTree = "<group>"; };
		770A51B216E23CE200872F21 /* Node.h */ = {isa = PBXFileReference; lastKnownFileType = sourcecode.c.h; path = Node.h; sourceTree = "<group>"; };
		770A51B316E23CE200872F21 /* NodeType.h */ = {isa = PBXFileReference; lastKnownFileType = sourcecode.c.h; path = NodeType.h; sourceTree = "<group>"; };
		770A51B416E23CE200872F21 /* SceneGraph.h */ = {isa = PBXFileReference; lastKnownFileType = sourcecode.c.h; path = SceneGraph.h; sourceTree = "<group>"; };
		770A51B516E23CE200872F21 /* Transform.h */ = {isa = PBXFileReference; lastKnownFileType = sourcecode.c.h; path = Transform.h; sourceTree = "<group>"; };
		770A51B616E23CE200872F21 /* Util.h */ = {isa = PBXFileReference; lastKnownFileType = sourcecode.c.h; path = Util.h; sourceTree = "<group>"; };
		77B04A44168DE9700068FCE6 /* main.cpp */ = {isa = PBXFileReference; fileEncoding = 4; lastKnownFileType = sourcecode.cpp.cpp; path = main.cpp; sourceTree = "<group>"; };
		77B04A46168DEA590068FCE6 /* MOE3-Info.plist */ = {isa = PBXFileReference; fileEncoding = 4; lastKnownFileType = text.plist.xml; path = "MOE3-Info.plist"; sourceTree = SOURCE_ROOT; };
		77B04A48168DEA6D0068FCE6 /* MOE3-Prefix.pch */ = {isa = PBXFileReference; fileEncoding = 4; lastKnownFileType = sourcecode.c.h; path = "MOE3-Prefix.pch"; sourceTree = SOURCE_ROOT; };
		77B04A6D168DF7FA0068FCE6 /* CoreMIDI.framework */ = {isa = PBXFileReference; lastKnownFileType = wrapper.framework; name = CoreMIDI.framework; path = System/Library/Frameworks/CoreMIDI.framework; sourceTree = SDKROOT; };
		77E5212E15DF2A87000595F8 /* MOE3.app */ = {isa = PBXFileReference; explicitFileType = wrapper.application; includeInIndex = 0; path = MOE3.app; sourceTree = BUILT_PRODUCTS_DIR; };
		77E5213215DF2A87000595F8 /* Cocoa.framework */ = {isa = PBXFileReference; lastKnownFileType = wrapper.framework; name = Cocoa.framework; path = System/Library/Frameworks/Cocoa.framework; sourceTree = SDKROOT; };
		77E5213515DF2A87000595F8 /* AppKit.framework */ = {isa = PBXFileReference; lastKnownFileType = wrapper.framework; name = AppKit.framework; path = System/Library/Frameworks/AppKit.framework; sourceTree = SDKROOT; };
		77E5213615DF2A87000595F8 /* CoreData.framework */ = {isa = PBXFileReference; lastKnownFileType = wrapper.framework; name = CoreData.framework; path = System/Library/Frameworks/CoreData.framework; sourceTree = SDKROOT; };
		77E5213715DF2A87000595F8 /* Foundation.framework */ = {isa = PBXFileReference; lastKnownFileType = wrapper.framework; name = Foundation.framework; path = System/Library/Frameworks/Foundation.framework; sourceTree = SDKROOT; };
		77E5215D15DF2CDE000595F8 /* OpenGL.framework */ = {isa = PBXFileReference; lastKnownFileType = wrapper.framework; name = OpenGL.framework; path = System/Library/Frameworks/OpenGL.framework; sourceTree = SDKROOT; };
/* End PBXFileReference section */

/* Begin PBXFrameworksBuildPhase section */
		77E5212B15DF2A87000595F8 /* Frameworks */ = {
			isa = PBXFrameworksBuildPhase;
			buildActionMask = 2147483647;
			files = (
				77B04A6E168DF7FA0068FCE6 /* CoreMIDI.framework in Frameworks */,
				77E5215E15DF2CDE000595F8 /* OpenGL.framework in Frameworks */,
				77E5213315DF2A87000595F8 /* Cocoa.framework in Frameworks */,
			);
			runOnlyForDeploymentPostprocessing = 0;
		};
/* End PBXFrameworksBuildPhase section */

/* Begin PBXGroup section */
		770A517516DE6FCF00872F21 /* Core */ = {
			isa = PBXGroup;
			children = (
				770A517616DE6FCF00872F21 /* CoreWindow.h */,
				770A517716DE6FCF00872F21 /* CoreWindow_mac.h */,
				770A517816DE6FCF00872F21 /* CoreWindow_mac.mm */,
				770A517D16DE6FCF00872F21 /* Log.cpp */,
				770A517E16DE6FCF00872F21 /* Log.h */,
				770A517F16DE6FCF00872F21 /* Math.h */,
				770A518016DE6FCF00872F21 /* MatrixStack.h */,
				770A518116DE6FCF00872F21 /* Memory.cpp */,
				770A518216DE6FCF00872F21 /* Memory.h */,
				770A518316DE6FCF00872F21 /* MOE.h */,
				770A518416DE6FCF00872F21 /* Stream.cpp */,
				770A518516DE6FCF00872F21 /* Stream.h */,
				770A518616DE6FCF00872F21 /* Time.h */,
				770A518716DE6FCF00872F21 /* Type.h */,
				770A518816DE6FCF00872F21 /* UI */,
			);
			path = Core;
			sourceTree = "<group>";
		};
		770A518816DE6FCF00872F21 /* UI */ = {
			isa = PBXGroup;
			children = (
				770A518916DE6FCF00872F21 /* icons.h */,
				770A518A16DE6FCF00872F21 /* mplus1cmedium.h */,
				770A518B16DE6FCF00872F21 /* SimpleGUI.h */,
				770A518C16DE6FCF00872F21 /* SimpleShader.h */,
				770A518D16DE6FCF00872F21 /* SimpleTex.h */,
				770A518E16DE6FCF00872F21 /* SimpleVB.h */,
				770A518F16DE6FCF00872F21 /* skBaseGUI.h */,
				770A519016DE6FCF00872F21 /* stb_truetype.h */,
			);
			path = UI;
			sourceTree = "<group>";
		};
		770A519116DE6FCF00872F21 /* EasyMIDIController */ = {
			isa = PBXGroup;
			children = (
				770A519316DE6FCF00872F21 /* EasyMIDIController.h */,
				770A519416DE6FCF00872F21 /* EasyMIDIController.mm */,
			);
			path = EasyMIDIController;
			sourceTree = "<group>";
		};
		770A519516DE6FCF00872F21 /* Gfx */ = {
			isa = PBXGroup;
			children = (
				770A519616DE6FCF00872F21 /* Graphics */,
				770A519D16DE6FCF00872F21 /* Graphics.h */,
				770A519E16DE6FCF00872F21 /* RenderDevice.cpp */,
				770A519F16DE6FCF00872F21 /* RenderDevice.h */,
				770A51A016DE6FCF00872F21 /* ShaderProgramObject.cpp */,
				770A51A116DE6FCF00872F21 /* ShaderProgramObject.h */,
			);
			path = Gfx;
			sourceTree = "<group>";
		};
		770A519616DE6FCF00872F21 /* Graphics */ = {
			isa = PBXGroup;
			children = (
				770A519716DE6FCF00872F21 /* glext.h */,
				770A519816DE6FCF00872F21 /* Graphics_impl.h */,
				770A519916DE6FCF00872F21 /* GraphicsProfiler.h */,
				770A519A16DE6FCF00872F21 /* wglext.h */,
				770A519B16DE6FCF00872F21 /* WGLExtention.cpp */,
				770A519C16DE6FCF00872F21 /* WGLExtention.h */,
			);
			path = Graphics;
			sourceTree = "<group>";
		};
		770A51AD16E23CE200872F21 /* SceneGraph */ = {
			isa = PBXGroup;
			children = (
				770A51AE16E23CE200872F21 /* Geometry.h */,
				770A51AF16E23CE200872F21 /* GeometryCache.h */,
				770A51B016E23CE200872F21 /* Group.h */,
				770A51B116E23CE200872F21 /* Material.h */,
				770A51B216E23CE200872F21 /* Node.h */,
				770A51B316E23CE200872F21 /* NodeType.h */,
				770A51B416E23CE200872F21 /* SceneGraph.h */,
				770A51B516E23CE200872F21 /* Transform.h */,
				770A51B616E23CE200872F21 /* Util.h */,
			);
			path = SceneGraph;
			sourceTree = "<group>";
		};
		77B04A43168DE9700068FCE6 /* src */ = {
			isa = PBXGroup;
			children = (
				770A51AD16E23CE200872F21 /* SceneGraph */,
				770A517516DE6FCF00872F21 /* Core */,
				770A519116DE6FCF00872F21 /* EasyMIDIController */,
				770A519516DE6FCF00872F21 /* Gfx */,
				77B04A44168DE9700068FCE6 /* main.cpp */,
			);
			name = src;
			path = ../src;
			sourceTree = "<group>";
		};
		77E5212315DF2A87000595F8 = {
			isa = PBXGroup;
			children = (
				77B04A43168DE9700068FCE6 /* src */,
				77E5213815DF2A87000595F8 /* Resource */,
				77E5213115DF2A87000595F8 /* Frameworks */,
				77E5212F15DF2A87000595F8 /* Products */,
			);
			sourceTree = "<group>";
		};
		77E5212F15DF2A87000595F8 /* Products */ = {
			isa = PBXGroup;
			children = (
				77E5212E15DF2A87000595F8 /* MOE3.app */,
			);
			name = Products;
			sourceTree = "<group>";
		};
		77E5213115DF2A87000595F8 /* Frameworks */ = {
			isa = PBXGroup;
			children = (
				77B04A6D168DF7FA0068FCE6 /* CoreMIDI.framework */,
				77E5215D15DF2CDE000595F8 /* OpenGL.framework */,
				77E5213215DF2A87000595F8 /* Cocoa.framework */,
				77E5213415DF2A87000595F8 /* Other Frameworks */,
			);
			name = Frameworks;
			sourceTree = "<group>";
		};
		77E5213415DF2A87000595F8 /* Other Frameworks */ = {
			isa = PBXGroup;
			children = (
				77E5213515DF2A87000595F8 /* AppKit.framework */,
				77E5213615DF2A87000595F8 /* CoreData.framework */,
				77E5213715DF2A87000595F8 /* Foundation.framework */,
			);
			name = "Other Frameworks";
			sourceTree = "<group>";
		};
		77E5213815DF2A87000595F8 /* Resource */ = {
			isa = PBXGroup;
			children = (
				77B04A46168DEA590068FCE6 /* MOE3-Info.plist */,
				77B04A48168DEA6D0068FCE6 /* MOE3-Prefix.pch */,
			);
			name = Resource;
			path = CoreWindowTest;
			sourceTree = "<group>";
		};
/* End PBXGroup section */

/* Begin PBXNativeTarget section */
		77E5212D15DF2A87000595F8 /* MOE3 */ = {
			isa = PBXNativeTarget;
			buildConfigurationList = 77E5214C15DF2A88000595F8 /* Build configuration list for PBXNativeTarget "MOE3" */;
			buildPhases = (
				77E5212A15DF2A87000595F8 /* Sources */,
				77E5212B15DF2A87000595F8 /* Frameworks */,
				77E5212C15DF2A87000595F8 /* Resources */,
			);
			buildRules = (
			);
			dependencies = (
			);
			name = MOE3;
			productName = CoreWindowTest;
			productReference = 77E5212E15DF2A87000595F8 /* MOE3.app */;
			productType = "com.apple.product-type.application";
		};
/* End PBXNativeTarget section */

/* Begin PBXProject section */
		77E5212515DF2A87000595F8 /* Project object */ = {
			isa = PBXProject;
			attributes = {
				LastUpgradeCheck = 0440;
				ORGANIZATIONNAME = kioku;
			};
			buildConfigurationList = 77E5212815DF2A87000595F8 /* Build configuration list for PBXProject "MOE3" */;
			compatibilityVersion = "Xcode 3.2";
			developmentRegion = English;
			hasScannedForEncodings = 0;
			knownRegions = (
				en,
			);
			mainGroup = 77E5212315DF2A87000595F8;
			productRefGroup = 77E5212F15DF2A87000595F8 /* Products */;
			projectDirPath = "";
			projectRoot = "";
			targets = (
				77E5212D15DF2A87000595F8 /* MOE3 */,
			);
		};
/* End PBXProject section */

/* Begin PBXResourcesBuildPhase section */
		77E5212C15DF2A87000595F8 /* Resources */ = {
			isa = PBXResourcesBuildPhase;
			buildActionMask = 2147483647;
			files = (
				77B04A47168DEA590068FCE6 /* MOE3-Info.plist in Resources */,
			);
			runOnlyForDeploymentPostprocessing = 0;
		};
/* End PBXResourcesBuildPhase section */

/* Begin PBXSourcesBuildPhase section */
		77E5212A15DF2A87000595F8 /* Sources */ = {
			isa = PBXSourcesBuildPhase;
			buildActionMask = 2147483647;
			files = (
				77B04A45168DE9700068FCE6 /* main.cpp in Sources */,
				770A51A216DE6FCF00872F21 /* CoreWindow_mac.mm in Sources */,
				770A51A516DE6FCF00872F21 /* Log.cpp in Sources */,
				770A51A616DE6FCF00872F21 /* Memory.cpp in Sources */,
				770A51A716DE6FCF00872F21 /* Stream.cpp in Sources */,
				770A51A916DE6FCF00872F21 /* EasyMIDIController.mm in Sources */,
				770A51AA16DE6FCF00872F21 /* WGLExtention.cpp in Sources */,
				770A51AB16DE6FCF00872F21 /* RenderDevice.cpp in Sources */,
				770A51AC16DE6FCF00872F21 /* ShaderProgramObject.cpp in Sources */,
			);
			runOnlyForDeploymentPostprocessing = 0;
		};
/* End PBXSourcesBuildPhase section */

/* Begin XCBuildConfiguration section */
		77E5214A15DF2A88000595F8 /* Debug */ = {
			isa = XCBuildConfiguration;
			buildSettings = {
				ALWAYS_SEARCH_USER_PATHS = NO;
				ARCHS = "$(ARCHS_STANDARD_64_BIT)";
				CLANG_CXX_LANGUAGE_STANDARD = "gnu++0x";
				CLANG_WARN__DUPLICATE_METHOD_MATCH = YES;
				COPY_PHASE_STRIP = NO;
				GCC_C_LANGUAGE_STANDARD = gnu99;
				GCC_DYNAMIC_NO_PIC = NO;
				GCC_ENABLE_OBJC_EXCEPTIONS = YES;
				GCC_OPTIMIZATION_LEVEL = 0;
				GCC_PREPROCESSOR_DEFINITIONS = (
					"DEBUG=1",
					"$(inherited)",
				);
				GCC_SYMBOLS_PRIVATE_EXTERN = NO;
				GCC_WARN_64_TO_32_BIT_CONVERSION = YES;
				GCC_WARN_ABOUT_RETURN_TYPE = YES;
				GCC_WARN_UNINITIALIZED_AUTOS = YES;
				GCC_WARN_UNUSED_VARIABLE = YES;
				MACOSX_DEPLOYMENT_TARGET = 10.7;
				ONLY_ACTIVE_ARCH = YES;
				SDKROOT = macosx10.7;
			};
			name = Debug;
		};
		77E5214B15DF2A88000595F8 /* Release */ = {
			isa = XCBuildConfiguration;
			buildSettings = {
				ALWAYS_SEARCH_USER_PATHS = NO;
				ARCHS = "$(ARCHS_STANDARD_64_BIT)";
				CLANG_CXX_LANGUAGE_STANDARD = "gnu++0x";
				CLANG_WARN__DUPLICATE_METHOD_MATCH = YES;
				COPY_PHASE_STRIP = YES;
				DEBUG_INFORMATION_FORMAT = "dwarf-with-dsym";
				GCC_C_LANGUAGE_STANDARD = gnu99;
				GCC_ENABLE_OBJC_EXCEPTIONS = YES;
				GCC_WARN_64_TO_32_BIT_CONVERSION = YES;
				GCC_WARN_ABOUT_RETURN_TYPE = YES;
				GCC_WARN_UNINITIALIZED_AUTOS = YES;
				GCC_WARN_UNUSED_VARIABLE = YES;
				MACOSX_DEPLOYMENT_TARGET = 10.7;
				SDKROOT = macosx10.7;
			};
			name = Release;
		};
		77E5214D15DF2A88000595F8 /* Debug */ = {
			isa = XCBuildConfiguration;
			buildSettings = {
				COMBINE_HIDPI_IMAGES = YES;
				GCC_PRECOMPILE_PREFIX_HEADER = YES;
				GCC_PREFIX_HEADER = "MOE3-Prefix.pch";
				GCC_PREPROCESSOR_DEFINITIONS = (
					"DEBUG=1",
					"$(inherited)",
				);
				INFOPLIST_FILE = "$(SRCROOT)/MOE3-Info.plist";
				MACOSX_DEPLOYMENT_TARGET = 10.7;
				PRODUCT_NAME = MOE3;
				WRAPPER_EXTENSION = app;
			};
			name = Debug;
		};
		77E5214E15DF2A88000595F8 /* Release */ = {
			isa = XCBuildConfiguration;
			buildSettings = {
				COMBINE_HIDPI_IMAGES = YES;
				GCC_PRECOMPILE_PREFIX_HEADER = YES;
				GCC_PREFIX_HEADER = "MOE3-Prefix.pch";
				GCC_PREPROCESSOR_DEFINITIONS = "";
				INFOPLIST_FILE = "$(SRCROOT)/MOE3-Info.plist";
				MACOSX_DEPLOYMENT_TARGET = 10.7;
				PRODUCT_NAME = MOE3;
				WRAPPER_EXTENSION = app;
			};
			name = Release;
		};
/* End XCBuildConfiguration section */

/* Begin XCConfigurationList section */
		77E5212815DF2A87000595F8 /* Build configuration list for PBXProject "MOE3" */ = {
			isa = XCConfigurationList;
			buildConfigurations = (
				77E5214A15DF2A88000595F8 /* Debug */,
				77E5214B15DF2A88000595F8 /* Release */,
			);
			defaultConfigurationIsVisible = 0;
			defaultConfigurationName = Release;
		};
		77E5214C15DF2A88000595F8 /* Build configuration list for PBXNativeTarget "MOE3" */ = {
			isa = XCConfigurationList;
			buildConfigurations = (
				77E5214D15DF2A88000595F8 /* Debug */,
				77E5214E15DF2A88000595F8 /* Release */,
			);
			defaultConfigurationIsVisible = 0;
			defaultConfigurationName = Release;
		};
/* End XCConfigurationList section */
	};
	rootObject = 77E5212515DF2A87000595F8 /* Project object */;
}
