// !$*UTF8*$!
{
	archiveVersion = 1;
	classes = {
	};
	objectVersion = 46;
	objects = {

/* Begin PBXBuildFile section */
		770A51A216DE6FCF00872F21 /* CoreWindow_mac.mm in Sources */ = {isa = PBXBuildFile; fileRef = 770A517816DE6FCF00872F21 /* CoreWindow_mac.mm */; };
		770A51A516DE6FCF00872F21 /* Log.cpp in Sources */ = {isa = PBXBuildFile; fileRef = 770A517D16DE6FCF00872F21 /* Log.cpp */; };
		770A51A616DE6FCF00872F21 /* Memory.cpp in Sources */ = {isa = PBXBuildFile; fileRef = 770A518116DE6FCF00872F21 /* Memory.cpp */; };
		770A51A716DE6FCF00872F21 /* Stream.cpp in Sources */ = {isa = PBXBuildFile; fileRef = 770A518416DE6FCF00872F21 /* Stream.cpp */; };
		770A51A916DE6FCF00872F21 /* EasyMIDIController.mm in Sources */ = {isa = PBXBuildFile; fileRef = 770A519416DE6FCF00872F21 /* EasyMIDIController.mm */; };
		770A51AA16DE6FCF00872F21 /* WGLExtention.cpp in Sources */ = {isa = PBXBuildFile; fileRef = 770A519B16DE6FCF00872F21 /* WGLExtention.cpp */; };
		770A51AC16DE6FCF00872F21 /* ShaderProgramObject.cpp in Sources */ = {isa = PBXBuildFile; fileRef = 770A51A016DE6FCF00872F21 /* ShaderProgramObject.cpp */; };
		770FFFAE181C318E0074F472 /* Cocoa.framework in Frameworks */ = {isa = PBXBuildFile; fileRef = 77E5213215DF2A87000595F8 /* Cocoa.framework */; };
		770FFFB4181C318E0074F472 /* InfoPlist.strings in Resources */ = {isa = PBXBuildFile; fileRef = 770FFFB2181C318E0074F472 /* InfoPlist.strings */; };
		770FFFDB181C32460074F472 /* EffectBuffer.cpp in Sources */ = {isa = PBXBuildFile; fileRef = 7750233317F0853D005F5112 /* EffectBuffer.cpp */; };
		770FFFDC181C32460074F472 /* Demo.cpp in Sources */ = {isa = PBXBuildFile; fileRef = 7750233517F0853D005F5112 /* Demo.cpp */; };
		770FFFDD181C32460074F472 /* Scene.cpp in Sources */ = {isa = PBXBuildFile; fileRef = 7750233717F0853D005F5112 /* Scene.cpp */; };
		770FFFDE181C32460074F472 /* AnimLoader.cpp in Sources */ = {isa = PBXBuildFile; fileRef = 77C04C961718959700C9269B /* AnimLoader.cpp */; };
		770FFFDF181C32460074F472 /* MrzLoader.cpp in Sources */ = {isa = PBXBuildFile; fileRef = 77C04C8D1714731400C9269B /* MrzLoader.cpp */; };
		770FFFE0181C32460074F472 /* CoreWindow_mac.mm in Sources */ = {isa = PBXBuildFile; fileRef = 770A517816DE6FCF00872F21 /* CoreWindow_mac.mm */; };
		770FFFE1181C32460074F472 /* Log.cpp in Sources */ = {isa = PBXBuildFile; fileRef = 770A517D16DE6FCF00872F21 /* Log.cpp */; };
		770FFFE2181C32460074F472 /* Memory.cpp in Sources */ = {isa = PBXBuildFile; fileRef = 770A518116DE6FCF00872F21 /* Memory.cpp */; };
		770FFFE3181C32460074F472 /* Stream.cpp in Sources */ = {isa = PBXBuildFile; fileRef = 770A518416DE6FCF00872F21 /* Stream.cpp */; };
		770FFFE4181C32460074F472 /* EasyMIDIController.mm in Sources */ = {isa = PBXBuildFile; fileRef = 770A519416DE6FCF00872F21 /* EasyMIDIController.mm */; };
		770FFFE5181C32460074F472 /* ShaderProgramObject.cpp in Sources */ = {isa = PBXBuildFile; fileRef = 770A51A016DE6FCF00872F21 /* ShaderProgramObject.cpp */; };
		770FFFE6181C32460074F472 /* RenderCommand.cpp in Sources */ = {isa = PBXBuildFile; fileRef = 779C2E84176C9D8D00DE219C /* RenderCommand.cpp */; };
		770FFFE7181C32460074F472 /* RenderDevice.cpp in Sources */ = {isa = PBXBuildFile; fileRef = 779C2E85176C9D8D00DE219C /* RenderDevice.cpp */; };
		770FFFE8181C32460074F472 /* SceneGraphRender.cpp in Sources */ = {isa = PBXBuildFile; fileRef = 779C2E87176C9D8D00DE219C /* SceneGraphRender.cpp */; };
		770FFFE9181C32460074F472 /* BufferObject.cpp in Sources */ = {isa = PBXBuildFile; fileRef = 779C2E8F176C9E7E00DE219C /* BufferObject.cpp */; };
		770FFFEB181C32580074F472 /* demoview.cpp in Sources */ = {isa = PBXBuildFile; fileRef = 770FFFEA181C32580074F472 /* demoview.cpp */; };
		770FFFEC181C32A90074F472 /* OpenGL.framework in Frameworks */ = {isa = PBXBuildFile; fileRef = 77E5215D15DF2CDE000595F8 /* OpenGL.framework */; };
		770FFFED181C33F50074F472 /* CoreMIDI.framework in Frameworks */ = {isa = PBXBuildFile; fileRef = 77B04A6D168DF7FA0068FCE6 /* CoreMIDI.framework */; };
		770FFFEE181C34300074F472 /* TextureObject.cpp in Sources */ = {isa = PBXBuildFile; fileRef = 779C2E89176C9D8D00DE219C /* TextureObject.cpp */; };
		770FFFF1181C92A60074F472 /* FrameBufferObject.cpp in Sources */ = {isa = PBXBuildFile; fileRef = 770FFFEF181C92A60074F472 /* FrameBufferObject.cpp */; };
		770FFFF2181C92A60074F472 /* FrameBufferObject.cpp in Sources */ = {isa = PBXBuildFile; fileRef = 770FFFEF181C92A60074F472 /* FrameBufferObject.cpp */; };
		770FFFF3181C92A60074F472 /* FrameBufferObject.cpp in Sources */ = {isa = PBXBuildFile; fileRef = 770FFFEF181C92A60074F472 /* FrameBufferObject.cpp */; };
		772676A9181433B6004C0113 /* Demo.cpp in Sources */ = {isa = PBXBuildFile; fileRef = 7750233517F0853D005F5112 /* Demo.cpp */; };
		772676AA181433BB004C0113 /* EffectBuffer.cpp in Sources */ = {isa = PBXBuildFile; fileRef = 7750233317F0853D005F5112 /* EffectBuffer.cpp */; };
		772676AB181433BE004C0113 /* Scene.cpp in Sources */ = {isa = PBXBuildFile; fileRef = 7750233717F0853D005F5112 /* Scene.cpp */; };
		772676AD18144848004C0113 /* demo.lua in Resources */ = {isa = PBXBuildFile; fileRef = 772676AC18144848004C0113 /* demo.lua */; };
		7750233917F0853D005F5112 /* EffectBuffer.cpp in Sources */ = {isa = PBXBuildFile; fileRef = 7750233317F0853D005F5112 /* EffectBuffer.cpp */; };
		7750233A17F0853D005F5112 /* Demo.cpp in Sources */ = {isa = PBXBuildFile; fileRef = 7750233517F0853D005F5112 /* Demo.cpp */; };
		7750233B17F0853D005F5112 /* Scene.cpp in Sources */ = {isa = PBXBuildFile; fileRef = 7750233717F0853D005F5112 /* Scene.cpp */; };
		779C2E8B176C9D8D00DE219C /* RenderCommand.cpp in Sources */ = {isa = PBXBuildFile; fileRef = 779C2E84176C9D8D00DE219C /* RenderCommand.cpp */; };
		779C2E8C176C9D8D00DE219C /* RenderDevice.cpp in Sources */ = {isa = PBXBuildFile; fileRef = 779C2E85176C9D8D00DE219C /* RenderDevice.cpp */; };
		779C2E8D176C9D8D00DE219C /* SceneGraphRender.cpp in Sources */ = {isa = PBXBuildFile; fileRef = 779C2E87176C9D8D00DE219C /* SceneGraphRender.cpp */; };
		779C2E8E176C9D8D00DE219C /* TextureObject.cpp in Sources */ = {isa = PBXBuildFile; fileRef = 779C2E89176C9D8D00DE219C /* TextureObject.cpp */; };
		779C2E91176C9E7E00DE219C /* BufferObject.cpp in Sources */ = {isa = PBXBuildFile; fileRef = 779C2E8F176C9E7E00DE219C /* BufferObject.cpp */; };
		77B04A45168DE9700068FCE6 /* main.cpp in Sources */ = {isa = PBXBuildFile; fileRef = 77B04A44168DE9700068FCE6 /* main.cpp */; };
		77B04A6E168DF7FA0068FCE6 /* CoreMIDI.framework in Frameworks */ = {isa = PBXBuildFile; fileRef = 77B04A6D168DF7FA0068FCE6 /* CoreMIDI.framework */; };
		77C04C8F1714731400C9269B /* MrzLoader.cpp in Sources */ = {isa = PBXBuildFile; fileRef = 77C04C8D1714731400C9269B /* MrzLoader.cpp */; };
		77C04C981718959700C9269B /* AnimLoader.cpp in Sources */ = {isa = PBXBuildFile; fileRef = 77C04C961718959700C9269B /* AnimLoader.cpp */; };
		77E5213315DF2A87000595F8 /* Cocoa.framework in Frameworks */ = {isa = PBXBuildFile; fileRef = 77E5213215DF2A87000595F8 /* Cocoa.framework */; };
		77E5215E15DF2CDE000595F8 /* OpenGL.framework in Frameworks */ = {isa = PBXBuildFile; fileRef = 77E5215D15DF2CDE000595F8 /* OpenGL.framework */; };
		77FD452417B3ED5A001B3F22 /* Cocoa.framework in Frameworks */ = {isa = PBXBuildFile; fileRef = 77E5213215DF2A87000595F8 /* Cocoa.framework */; };
		77FD452A17B3ED5A001B3F22 /* InfoPlist.strings in Resources */ = {isa = PBXBuildFile; fileRef = 77FD452817B3ED5A001B3F22 /* InfoPlist.strings */; };
		77FD453B17B3EDDD001B3F22 /* viewermain.cpp in Sources */ = {isa = PBXBuildFile; fileRef = 77FD453A17B3EDDD001B3F22 /* viewermain.cpp */; };
		77FD453D17B3EE08001B3F22 /* AnimLoader.cpp in Sources */ = {isa = PBXBuildFile; fileRef = 77C04C961718959700C9269B /* AnimLoader.cpp */; };
		77FD453F17B3EE08001B3F22 /* MrzLoader.cpp in Sources */ = {isa = PBXBuildFile; fileRef = 77C04C8D1714731400C9269B /* MrzLoader.cpp */; };
		77FD454A17B3EE2F001B3F22 /* CoreWindow_mac.mm in Sources */ = {isa = PBXBuildFile; fileRef = 770A517816DE6FCF00872F21 /* CoreWindow_mac.mm */; };
		77FD454B17B3EE2F001B3F22 /* Log.cpp in Sources */ = {isa = PBXBuildFile; fileRef = 770A517D16DE6FCF00872F21 /* Log.cpp */; };
		77FD454C17B3EE2F001B3F22 /* Memory.cpp in Sources */ = {isa = PBXBuildFile; fileRef = 770A518116DE6FCF00872F21 /* Memory.cpp */; };
		77FD454D17B3EE2F001B3F22 /* Stream.cpp in Sources */ = {isa = PBXBuildFile; fileRef = 770A518416DE6FCF00872F21 /* Stream.cpp */; };
		77FD454E17B3EE2F001B3F22 /* EasyMIDIController.mm in Sources */ = {isa = PBXBuildFile; fileRef = 770A519416DE6FCF00872F21 /* EasyMIDIController.mm */; };
		77FD454F17B3EE2F001B3F22 /* ShaderProgramObject.cpp in Sources */ = {isa = PBXBuildFile; fileRef = 770A51A016DE6FCF00872F21 /* ShaderProgramObject.cpp */; };
		77FD455017B3EE2F001B3F22 /* RenderCommand.cpp in Sources */ = {isa = PBXBuildFile; fileRef = 779C2E84176C9D8D00DE219C /* RenderCommand.cpp */; };
		77FD455117B3EE2F001B3F22 /* RenderDevice.cpp in Sources */ = {isa = PBXBuildFile; fileRef = 779C2E85176C9D8D00DE219C /* RenderDevice.cpp */; };
		77FD455217B3EE2F001B3F22 /* SceneGraphRender.cpp in Sources */ = {isa = PBXBuildFile; fileRef = 779C2E87176C9D8D00DE219C /* SceneGraphRender.cpp */; };
		77FD455317B3EE2F001B3F22 /* TextureObject.cpp in Sources */ = {isa = PBXBuildFile; fileRef = 779C2E89176C9D8D00DE219C /* TextureObject.cpp */; };
		77FD455417B3EE2F001B3F22 /* BufferObject.cpp in Sources */ = {isa = PBXBuildFile; fileRef = 779C2E8F176C9E7E00DE219C /* BufferObject.cpp */; };
		77FD455617B3EE3E001B3F22 /* OpenGL.framework in Frameworks */ = {isa = PBXBuildFile; fileRef = 77FD455517B3EE3E001B3F22 /* OpenGL.framework */; };
		77FD455817B3EE42001B3F22 /* CoreMIDI.framework in Frameworks */ = {isa = PBXBuildFile; fileRef = 77FD455717B3EE42001B3F22 /* CoreMIDI.framework */; };
/* End PBXBuildFile section */

/* Begin PBXFileReference section */
		770A517616DE6FCF00872F21 /* CoreWindow.h */ = {isa = PBXFileReference; fileEncoding = 4; lastKnownFileType = sourcecode.c.h; path = CoreWindow.h; sourceTree = "<group>"; };
		770A517716DE6FCF00872F21 /* CoreWindow_mac.h */ = {isa = PBXFileReference; fileEncoding = 4; lastKnownFileType = sourcecode.c.h; path = CoreWindow_mac.h; sourceTree = "<group>"; };
		770A517816DE6FCF00872F21 /* CoreWindow_mac.mm */ = {isa = PBXFileReference; fileEncoding = 4; lastKnownFileType = sourcecode.cpp.objcpp; path = CoreWindow_mac.mm; sourceTree = "<group>"; };
		770A517D16DE6FCF00872F21 /* Log.cpp */ = {isa = PBXFileReference; fileEncoding = 4; lastKnownFileType = sourcecode.cpp.cpp; path = Log.cpp; sourceTree = "<group>"; };
		770A517E16DE6FCF00872F21 /* Log.h */ = {isa = PBXFileReference; fileEncoding = 4; lastKnownFileType = sourcecode.c.h; path = Log.h; sourceTree = "<group>"; };
		770A517F16DE6FCF00872F21 /* Math.h */ = {isa = PBXFileReference; fileEncoding = 4; lastKnownFileType = sourcecode.c.h; path = Math.h; sourceTree = "<group>"; };
		770A518016DE6FCF00872F21 /* MatrixStack.h */ = {isa = PBXFileReference; fileEncoding = 4; lastKnownFileType = sourcecode.c.h; path = MatrixStack.h; sourceTree = "<group>"; };
		770A518116DE6FCF00872F21 /* Memory.cpp */ = {isa = PBXFileReference; fileEncoding = 4; lastKnownFileType = sourcecode.cpp.cpp; path = Memory.cpp; sourceTree = "<group>"; };
		770A518216DE6FCF00872F21 /* Memory.h */ = {isa = PBXFileReference; fileEncoding = 4; lastKnownFileType = sourcecode.c.h; path = Memory.h; sourceTree = "<group>"; };
		770A518316DE6FCF00872F21 /* MOE.h */ = {isa = PBXFileReference; fileEncoding = 4; lastKnownFileType = sourcecode.c.h; path = MOE.h; sourceTree = "<group>"; };
		770A518416DE6FCF00872F21 /* Stream.cpp */ = {isa = PBXFileReference; fileEncoding = 4; lastKnownFileType = sourcecode.cpp.cpp; path = Stream.cpp; sourceTree = "<group>"; };
		770A518516DE6FCF00872F21 /* Stream.h */ = {isa = PBXFileReference; fileEncoding = 4; lastKnownFileType = sourcecode.c.h; path = Stream.h; sourceTree = "<group>"; };
		770A518616DE6FCF00872F21 /* Time.h */ = {isa = PBXFileReference; fileEncoding = 4; lastKnownFileType = sourcecode.c.h; path = Time.h; sourceTree = "<group>"; };
		770A518716DE6FCF00872F21 /* Type.h */ = {isa = PBXFileReference; fileEncoding = 4; lastKnownFileType = sourcecode.c.h; path = Type.h; sourceTree = "<group>"; };
		770A518916DE6FCF00872F21 /* icons.h */ = {isa = PBXFileReference; fileEncoding = 4; lastKnownFileType = sourcecode.c.h; path = icons.h; sourceTree = "<group>"; };
		770A518A16DE6FCF00872F21 /* mplus1cmedium.h */ = {isa = PBXFileReference; fileEncoding = 4; lastKnownFileType = sourcecode.c.h; path = mplus1cmedium.h; sourceTree = "<group>"; };
		770A518B16DE6FCF00872F21 /* SimpleGUI.h */ = {isa = PBXFileReference; fileEncoding = 4; lastKnownFileType = sourcecode.c.h; path = SimpleGUI.h; sourceTree = "<group>"; };
		770A518C16DE6FCF00872F21 /* SimpleShader.h */ = {isa = PBXFileReference; fileEncoding = 4; lastKnownFileType = sourcecode.c.h; path = SimpleShader.h; sourceTree = "<group>"; };
		770A518D16DE6FCF00872F21 /* SimpleTex.h */ = {isa = PBXFileReference; fileEncoding = 4; lastKnownFileType = sourcecode.c.h; path = SimpleTex.h; sourceTree = "<group>"; };
		770A518E16DE6FCF00872F21 /* SimpleVB.h */ = {isa = PBXFileReference; fileEncoding = 4; lastKnownFileType = sourcecode.c.h; path = SimpleVB.h; sourceTree = "<group>"; };
		770A518F16DE6FCF00872F21 /* skBaseGUI.h */ = {isa = PBXFileReference; fileEncoding = 4; lastKnownFileType = sourcecode.c.h; path = skBaseGUI.h; sourceTree = "<group>"; };
		770A519016DE6FCF00872F21 /* stb_truetype.h */ = {isa = PBXFileReference; fileEncoding = 4; lastKnownFileType = sourcecode.c.h; path = stb_truetype.h; sourceTree = "<group>"; };
		770A519316DE6FCF00872F21 /* EasyMIDIController.h */ = {isa = PBXFileReference; fileEncoding = 4; lastKnownFileType = sourcecode.c.h; path = EasyMIDIController.h; sourceTree = "<group>"; };
		770A519416DE6FCF00872F21 /* EasyMIDIController.mm */ = {isa = PBXFileReference; fileEncoding = 4; lastKnownFileType = sourcecode.cpp.objcpp; path = EasyMIDIController.mm; sourceTree = "<group>"; };
		770A519716DE6FCF00872F21 /* glext.h */ = {isa = PBXFileReference; fileEncoding = 4; lastKnownFileType = sourcecode.c.h; path = glext.h; sourceTree = "<group>"; };
		770A519816DE6FCF00872F21 /* Graphics_impl.h */ = {isa = PBXFileReference; fileEncoding = 4; lastKnownFileType = sourcecode.c.h; path = Graphics_impl.h; sourceTree = "<group>"; };
		770A519916DE6FCF00872F21 /* GraphicsProfiler.h */ = {isa = PBXFileReference; fileEncoding = 4; lastKnownFileType = sourcecode.c.h; path = GraphicsProfiler.h; sourceTree = "<group>"; };
		770A519A16DE6FCF00872F21 /* wglext.h */ = {isa = PBXFileReference; fileEncoding = 4; lastKnownFileType = sourcecode.c.h; path = wglext.h; sourceTree = "<group>"; };
		770A519B16DE6FCF00872F21 /* WGLExtention.cpp */ = {isa = PBXFileReference; fileEncoding = 4; lastKnownFileType = sourcecode.cpp.cpp; path = WGLExtention.cpp; sourceTree = "<group>"; };
		770A519C16DE6FCF00872F21 /* WGLExtention.h */ = {isa = PBXFileReference; fileEncoding = 4; lastKnownFileType = sourcecode.c.h; path = WGLExtention.h; sourceTree = "<group>"; };
		770A519D16DE6FCF00872F21 /* Graphics.h */ = {isa = PBXFileReference; fileEncoding = 4; lastKnownFileType = sourcecode.c.h; path = Graphics.h; sourceTree = "<group>"; };
		770A519F16DE6FCF00872F21 /* RenderDevice.h */ = {isa = PBXFileReference; fileEncoding = 4; lastKnownFileType = sourcecode.c.h; path = RenderDevice.h; sourceTree = "<group>"; };
		770A51A016DE6FCF00872F21 /* ShaderProgramObject.cpp */ = {isa = PBXFileReference; fileEncoding = 4; lastKnownFileType = sourcecode.cpp.cpp; path = ShaderProgramObject.cpp; sourceTree = "<group>"; };
		770A51A116DE6FCF00872F21 /* ShaderProgramObject.h */ = {isa = PBXFileReference; fileEncoding = 4; lastKnownFileType = sourcecode.c.h; path = ShaderProgramObject.h; sourceTree = "<group>"; };
		770A51AE16E23CE200872F21 /* Geometry.h */ = {isa = PBXFileReference; lastKnownFileType = sourcecode.c.h; path = Geometry.h; sourceTree = "<group>"; };
		770A51AF16E23CE200872F21 /* GeometryCache.h */ = {isa = PBXFileReference; lastKnownFileType = sourcecode.c.h; path = GeometryCache.h; sourceTree = "<group>"; };
		770A51B016E23CE200872F21 /* Group.h */ = {isa = PBXFileReference; lastKnownFileType = sourcecode.c.h; path = Group.h; sourceTree = "<group>"; };
		770A51B116E23CE200872F21 /* Material.h */ = {isa = PBXFileReference; lastKnownFileType = sourcecode.c.h; path = Material.h; sourceTree = "<group>"; };
		770A51B216E23CE200872F21 /* Node.h */ = {isa = PBXFileReference; lastKnownFileType = sourcecode.c.h; path = Node.h; sourceTree = "<group>"; };
		770A51B316E23CE200872F21 /* NodeType.h */ = {isa = PBXFileReference; lastKnownFileType = sourcecode.c.h; path = NodeType.h; sourceTree = "<group>"; };
		770A51B416E23CE200872F21 /* SceneGraph.h */ = {isa = PBXFileReference; lastKnownFileType = sourcecode.c.h; path = SceneGraph.h; sourceTree = "<group>"; };
		770A51B516E23CE200872F21 /* Transform.h */ = {isa = PBXFileReference; lastKnownFileType = sourcecode.c.h; path = Transform.h; sourceTree = "<group>"; };
		770A51B616E23CE200872F21 /* Util.h */ = {isa = PBXFileReference; lastKnownFileType = sourcecode.c.h; path = Util.h; sourceTree = "<group>"; };
		770FFFAD181C318E0074F472 /* demoview.app */ = {isa = PBXFileReference; explicitFileType = wrapper.application; includeInIndex = 0; path = demoview.app; sourceTree = BUILT_PRODUCTS_DIR; };
		770FFFB1181C318E0074F472 /* demoview-Info.plist */ = {isa = PBXFileReference; lastKnownFileType = text.plist.xml; path = "demoview-Info.plist"; sourceTree = "<group>"; };
		770FFFB3181C318E0074F472 /* en */ = {isa = PBXFileReference; lastKnownFileType = text.plist.strings; name = en; path = en.lproj/InfoPlist.strings; sourceTree = "<group>"; };
		770FFFB7181C318E0074F472 /* demoview-Prefix.pch */ = {isa = PBXFileReference; lastKnownFileType = sourcecode.c.h; path = "demoview-Prefix.pch"; sourceTree = "<group>"; };
		770FFFC8181C318E0074F472 /* XCTest.framework */ = {isa = PBXFileReference; lastKnownFileType = wrapper.framework; name = XCTest.framework; path = Library/Frameworks/XCTest.framework; sourceTree = DEVELOPER_DIR; };
		770FFFEA181C32580074F472 /* demoview.cpp */ = {isa = PBXFileReference; fileEncoding = 4; lastKnownFileType = sourcecode.cpp.cpp; name = demoview.cpp; path = ../../src/demoview.cpp; sourceTree = "<group>"; };
		770FFFEF181C92A60074F472 /* FrameBufferObject.cpp */ = {isa = PBXFileReference; fileEncoding = 4; lastKnownFileType = sourcecode.cpp.cpp; path = FrameBufferObject.cpp; sourceTree = "<group>"; };
		770FFFF0181C92A60074F472 /* FrameBufferObject.h */ = {isa = PBXFileReference; fileEncoding = 4; lastKnownFileType = sourcecode.c.h; path = FrameBufferObject.h; sourceTree = "<group>"; };
		770FFFF4181D48660074F472 /* LuaUtil.h */ = {isa = PBXFileReference; lastKnownFileType = sourcecode.c.h; path = LuaUtil.h; sourceTree = "<group>"; };
		772676AC18144848004C0113 /* demo.lua */ = {isa = PBXFileReference; fileEncoding = 4; lastKnownFileType = text; name = demo.lua; path = ../../data/demo.lua; sourceTree = "<group>"; };
		7750233317F0853D005F5112 /* EffectBuffer.cpp */ = {isa = PBXFileReference; fileEncoding = 4; lastKnownFileType = sourcecode.cpp.cpp; path = EffectBuffer.cpp; sourceTree = "<group>"; };
		7750233417F0853D005F5112 /* EffectBuffer.h */ = {isa = PBXFileReference; fileEncoding = 4; lastKnownFileType = sourcecode.c.h; path = EffectBuffer.h; sourceTree = "<group>"; };
		7750233517F0853D005F5112 /* Demo.cpp */ = {isa = PBXFileReference; fileEncoding = 4; lastKnownFileType = sourcecode.cpp.cpp; path = Demo.cpp; sourceTree = "<group>"; };
		7750233617F0853D005F5112 /* Demo.h */ = {isa = PBXFileReference; fileEncoding = 4; lastKnownFileType = sourcecode.c.h; path = Demo.h; sourceTree = "<group>"; };
		7750233717F0853D005F5112 /* Scene.cpp */ = {isa = PBXFileReference; fileEncoding = 4; lastKnownFileType = sourcecode.cpp.cpp; path = Scene.cpp; sourceTree = "<group>"; };
		7750233817F0853D005F5112 /* Scene.h */ = {isa = PBXFileReference; fileEncoding = 4; lastKnownFileType = sourcecode.c.h; path = Scene.h; sourceTree = "<group>"; };
		779C2E84176C9D8D00DE219C /* RenderCommand.cpp */ = {isa = PBXFileReference; fileEncoding = 4; lastKnownFileType = sourcecode.cpp.cpp; path = RenderCommand.cpp; sourceTree = "<group>"; };
		779C2E85176C9D8D00DE219C /* RenderDevice.cpp */ = {isa = PBXFileReference; fileEncoding = 4; lastKnownFileType = sourcecode.cpp.cpp; path = RenderDevice.cpp; sourceTree = "<group>"; };
		779C2E86176C9D8D00DE219C /* RenderDevice.h */ = {isa = PBXFileReference; fileEncoding = 4; lastKnownFileType = sourcecode.c.h; path = RenderDevice.h; sourceTree = "<group>"; };
		779C2E87176C9D8D00DE219C /* SceneGraphRender.cpp */ = {isa = PBXFileReference; fileEncoding = 4; lastKnownFileType = sourcecode.cpp.cpp; path = SceneGraphRender.cpp; sourceTree = "<group>"; };
		779C2E88176C9D8D00DE219C /* SceneGraphRender.h */ = {isa = PBXFileReference; fileEncoding = 4; lastKnownFileType = sourcecode.c.h; path = SceneGraphRender.h; sourceTree = "<group>"; };
		779C2E89176C9D8D00DE219C /* TextureObject.cpp */ = {isa = PBXFileReference; fileEncoding = 4; lastKnownFileType = sourcecode.cpp.cpp; path = TextureObject.cpp; sourceTree = "<group>"; };
		779C2E8A176C9D8D00DE219C /* TextureObject.h */ = {isa = PBXFileReference; fileEncoding = 4; lastKnownFileType = sourcecode.c.h; path = TextureObject.h; sourceTree = "<group>"; };
		779C2E8F176C9E7E00DE219C /* BufferObject.cpp */ = {isa = PBXFileReference; fileEncoding = 4; lastKnownFileType = sourcecode.cpp.cpp; path = BufferObject.cpp; sourceTree = "<group>"; };
		779C2E90176C9E7E00DE219C /* BufferObject.h */ = {isa = PBXFileReference; fileEncoding = 4; lastKnownFileType = sourcecode.c.h; path = BufferObject.h; sourceTree = "<group>"; };
		779C2E92176C9FC000DE219C /* RenderCommand.h */ = {isa = PBXFileReference; lastKnownFileType = sourcecode.c.h; path = RenderCommand.h; sourceTree = "<group>"; };
		77A39EE118396E2900BA1418 /* Thread.h */ = {isa = PBXFileReference; lastKnownFileType = sourcecode.c.h; path = Thread.h; sourceTree = "<group>"; };
		77B04A44168DE9700068FCE6 /* main.cpp */ = {isa = PBXFileReference; fileEncoding = 4; lastKnownFileType = sourcecode.cpp.cpp; path = main.cpp; sourceTree = "<group>"; };
		77B04A46168DEA590068FCE6 /* MOE3-Info.plist */ = {isa = PBXFileReference; fileEncoding = 4; lastKnownFileType = text.plist.xml; path = "MOE3-Info.plist"; sourceTree = SOURCE_ROOT; };
		77B04A48168DEA6D0068FCE6 /* MOE3-Prefix.pch */ = {isa = PBXFileReference; fileEncoding = 4; lastKnownFileType = sourcecode.c.h; path = "MOE3-Prefix.pch"; sourceTree = SOURCE_ROOT; };
		77B04A6D168DF7FA0068FCE6 /* CoreMIDI.framework */ = {isa = PBXFileReference; lastKnownFileType = wrapper.framework; name = CoreMIDI.framework; path = System/Library/Frameworks/CoreMIDI.framework; sourceTree = SDKROOT; };
		77C04C8C1714731400C9269B /* BaseLoader.h */ = {isa = PBXFileReference; fileEncoding = 4; lastKnownFileType = sourcecode.c.h; path = BaseLoader.h; sourceTree = "<group>"; };
		77C04C8D1714731400C9269B /* MrzLoader.cpp */ = {isa = PBXFileReference; fileEncoding = 4; lastKnownFileType = sourcecode.cpp.cpp; path = MrzLoader.cpp; sourceTree = "<group>"; };
		77C04C8E1714731400C9269B /* MrzLoader.h */ = {isa = PBXFileReference; fileEncoding = 4; lastKnownFileType = sourcecode.c.h; path = MrzLoader.h; sourceTree = "<group>"; };
		77C04C961718959700C9269B /* AnimLoader.cpp */ = {isa = PBXFileReference; fileEncoding = 4; lastKnownFileType = sourcecode.cpp.cpp; path = AnimLoader.cpp; sourceTree = "<group>"; };
		77C04C971718959700C9269B /* AnimLoader.h */ = {isa = PBXFileReference; fileEncoding = 4; lastKnownFileType = sourcecode.c.h; path = AnimLoader.h; sourceTree = "<group>"; };
		77DE4012182EF67F0050E49A /* Instance.h */ = {isa = PBXFileReference; lastKnownFileType = sourcecode.c.h; path = Instance.h; sourceTree = "<group>"; };
		77E5212E15DF2A87000595F8 /* MOE3.app */ = {isa = PBXFileReference; explicitFileType = wrapper.application; includeInIndex = 0; path = MOE3.app; sourceTree = BUILT_PRODUCTS_DIR; };
		77E5213215DF2A87000595F8 /* Cocoa.framework */ = {isa = PBXFileReference; lastKnownFileType = wrapper.framework; name = Cocoa.framework; path = System/Library/Frameworks/Cocoa.framework; sourceTree = SDKROOT; };
		77E5213515DF2A87000595F8 /* AppKit.framework */ = {isa = PBXFileReference; lastKnownFileType = wrapper.framework; name = AppKit.framework; path = System/Library/Frameworks/AppKit.framework; sourceTree = SDKROOT; };
		77E5213615DF2A87000595F8 /* CoreData.framework */ = {isa = PBXFileReference; lastKnownFileType = wrapper.framework; name = CoreData.framework; path = System/Library/Frameworks/CoreData.framework; sourceTree = SDKROOT; };
		77E5213715DF2A87000595F8 /* Foundation.framework */ = {isa = PBXFileReference; lastKnownFileType = wrapper.framework; name = Foundation.framework; path = System/Library/Frameworks/Foundation.framework; sourceTree = SDKROOT; };
		77E5215D15DF2CDE000595F8 /* OpenGL.framework */ = {isa = PBXFileReference; lastKnownFileType = wrapper.framework; name = OpenGL.framework; path = System/Library/Frameworks/OpenGL.framework; sourceTree = SDKROOT; };
		77FD452317B3ED5A001B3F22 /* KSceneViewer.app */ = {isa = PBXFileReference; explicitFileType = wrapper.application; includeInIndex = 0; path = KSceneViewer.app; sourceTree = BUILT_PRODUCTS_DIR; };
		77FD452717B3ED5A001B3F22 /* KSceneViewer-Info.plist */ = {isa = PBXFileReference; lastKnownFileType = text.plist.xml; path = "KSceneViewer-Info.plist"; sourceTree = "<group>"; };
		77FD452917B3ED5A001B3F22 /* en */ = {isa = PBXFileReference; lastKnownFileType = text.plist.strings; name = en; path = en.lproj/InfoPlist.strings; sourceTree = "<group>"; };
		77FD452D17B3ED5A001B3F22 /* KSceneViewer-Prefix.pch */ = {isa = PBXFileReference; lastKnownFileType = sourcecode.c.h; path = "KSceneViewer-Prefix.pch"; sourceTree = "<group>"; };
		77FD453A17B3EDDD001B3F22 /* viewermain.cpp */ = {isa = PBXFileReference; fileEncoding = 4; lastKnownFileType = sourcecode.cpp.cpp; name = viewermain.cpp; path = ../../src/viewermain.cpp; sourceTree = "<group>"; };
		77FD455517B3EE3E001B3F22 /* OpenGL.framework */ = {isa = PBXFileReference; lastKnownFileType = wrapper.framework; name = OpenGL.framework; path = Platforms/MacOSX.platform/Developer/SDKs/MacOSX10.8.sdk/System/Library/Frameworks/OpenGL.framework; sourceTree = DEVELOPER_DIR; };
		77FD455717B3EE42001B3F22 /* CoreMIDI.framework */ = {isa = PBXFileReference; lastKnownFileType = wrapper.framework; name = CoreMIDI.framework; path = Platforms/MacOSX.platform/Developer/SDKs/MacOSX10.8.sdk/System/Library/Frameworks/CoreMIDI.framework; sourceTree = DEVELOPER_DIR; };
/* End PBXFileReference section */

/* Begin PBXFrameworksBuildPhase section */
		770FFFAA181C318E0074F472 /* Frameworks */ = {
			isa = PBXFrameworksBuildPhase;
			buildActionMask = 2147483647;
			files = (
				770FFFED181C33F50074F472 /* CoreMIDI.framework in Frameworks */,
				770FFFEC181C32A90074F472 /* OpenGL.framework in Frameworks */,
				770FFFAE181C318E0074F472 /* Cocoa.framework in Frameworks */,
			);
			runOnlyForDeploymentPostprocessing = 0;
		};
		77E5212B15DF2A87000595F8 /* Frameworks */ = {
			isa = PBXFrameworksBuildPhase;
			buildActionMask = 2147483647;
			files = (
				77B04A6E168DF7FA0068FCE6 /* CoreMIDI.framework in Frameworks */,
				77E5215E15DF2CDE000595F8 /* OpenGL.framework in Frameworks */,
				77E5213315DF2A87000595F8 /* Cocoa.framework in Frameworks */,
			);
			runOnlyForDeploymentPostprocessing = 0;
		};
		77FD452017B3ED5A001B3F22 /* Frameworks */ = {
			isa = PBXFrameworksBuildPhase;
			buildActionMask = 2147483647;
			files = (
				77FD455817B3EE42001B3F22 /* CoreMIDI.framework in Frameworks */,
				77FD455617B3EE3E001B3F22 /* OpenGL.framework in Frameworks */,
				77FD452417B3ED5A001B3F22 /* Cocoa.framework in Frameworks */,
			);
			runOnlyForDeploymentPostprocessing = 0;
		};
/* End PBXFrameworksBuildPhase section */

/* Begin PBXGroup section */
		770A517516DE6FCF00872F21 /* Core */ = {
			isa = PBXGroup;
			children = (
				770A517616DE6FCF00872F21 /* CoreWindow.h */,
				770A517716DE6FCF00872F21 /* CoreWindow_mac.h */,
				770A517816DE6FCF00872F21 /* CoreWindow_mac.mm */,
				770A517D16DE6FCF00872F21 /* Log.cpp */,
				770A517E16DE6FCF00872F21 /* Log.h */,
				770A517F16DE6FCF00872F21 /* Math.h */,
				770FFFF4181D48660074F472 /* LuaUtil.h */,
				770A518016DE6FCF00872F21 /* MatrixStack.h */,
				770A518116DE6FCF00872F21 /* Memory.cpp */,
				770A518216DE6FCF00872F21 /* Memory.h */,
				770A518316DE6FCF00872F21 /* MOE.h */,
				770A518416DE6FCF00872F21 /* Stream.cpp */,
				770A518516DE6FCF00872F21 /* Stream.h */,
				770A518616DE6FCF00872F21 /* Time.h */,
				77A39EE118396E2900BA1418 /* Thread.h */,
				770A518716DE6FCF00872F21 /* Type.h */,
				770A518816DE6FCF00872F21 /* UI */,
			);
			path = Core;
			sourceTree = "<group>";
		};
		770A518816DE6FCF00872F21 /* UI */ = {
			isa = PBXGroup;
			children = (
				770A518916DE6FCF00872F21 /* icons.h */,
				770A518A16DE6FCF00872F21 /* mplus1cmedium.h */,
				770A518B16DE6FCF00872F21 /* SimpleGUI.h */,
				770A518C16DE6FCF00872F21 /* SimpleShader.h */,
				770A518D16DE6FCF00872F21 /* SimpleTex.h */,
				770A518E16DE6FCF00872F21 /* SimpleVB.h */,
				770A518F16DE6FCF00872F21 /* skBaseGUI.h */,
				770A519016DE6FCF00872F21 /* stb_truetype.h */,
			);
			path = UI;
			sourceTree = "<group>";
		};
		770A519116DE6FCF00872F21 /* EasyMIDIController */ = {
			isa = PBXGroup;
			children = (
				770A519316DE6FCF00872F21 /* EasyMIDIController.h */,
				770A519416DE6FCF00872F21 /* EasyMIDIController.mm */,
			);
			path = EasyMIDIController;
			sourceTree = "<group>";
		};
		770A519516DE6FCF00872F21 /* Gfx */ = {
			isa = PBXGroup;
			children = (
				770A519616DE6FCF00872F21 /* Graphics */,
				770A519D16DE6FCF00872F21 /* Graphics.h */,
				770A519F16DE6FCF00872F21 /* RenderDevice.h */,
				770A51A016DE6FCF00872F21 /* ShaderProgramObject.cpp */,
				770A51A116DE6FCF00872F21 /* ShaderProgramObject.h */,
				779C2E84176C9D8D00DE219C /* RenderCommand.cpp */,
				779C2E92176C9FC000DE219C /* RenderCommand.h */,
				779C2E85176C9D8D00DE219C /* RenderDevice.cpp */,
				779C2E86176C9D8D00DE219C /* RenderDevice.h */,
				779C2E87176C9D8D00DE219C /* SceneGraphRender.cpp */,
				779C2E88176C9D8D00DE219C /* SceneGraphRender.h */,
				779C2E89176C9D8D00DE219C /* TextureObject.cpp */,
				779C2E8A176C9D8D00DE219C /* TextureObject.h */,
				779C2E8F176C9E7E00DE219C /* BufferObject.cpp */,
				779C2E90176C9E7E00DE219C /* BufferObject.h */,
				770FFFEF181C92A60074F472 /* FrameBufferObject.cpp */,
				770FFFF0181C92A60074F472 /* FrameBufferObject.h */,
			);
			path = Gfx;
			sourceTree = "<group>";
		};
		770A519616DE6FCF00872F21 /* Graphics */ = {
			isa = PBXGroup;
			children = (
				770A519716DE6FCF00872F21 /* glext.h */,
				770A519816DE6FCF00872F21 /* Graphics_impl.h */,
				770A519916DE6FCF00872F21 /* GraphicsProfiler.h */,
				770A519A16DE6FCF00872F21 /* wglext.h */,
				770A519B16DE6FCF00872F21 /* WGLExtention.cpp */,
				770A519C16DE6FCF00872F21 /* WGLExtention.h */,
			);
			path = Graphics;
			sourceTree = "<group>";
		};
		770A51AD16E23CE200872F21 /* SceneGraph */ = {
			isa = PBXGroup;
			children = (
				77C04C8C1714731400C9269B /* BaseLoader.h */,
				77C04C961718959700C9269B /* AnimLoader.cpp */,
				77C04C971718959700C9269B /* AnimLoader.h */,
				77C04C8D1714731400C9269B /* MrzLoader.cpp */,
				77C04C8E1714731400C9269B /* MrzLoader.h */,
				770A51AE16E23CE200872F21 /* Geometry.h */,
				770A51AF16E23CE200872F21 /* GeometryCache.h */,
				770A51B016E23CE200872F21 /* Group.h */,
				770A51B116E23CE200872F21 /* Material.h */,
				770A51B216E23CE200872F21 /* Node.h */,
				770A51B316E23CE200872F21 /* NodeType.h */,
				770A51B416E23CE200872F21 /* SceneGraph.h */,
				77DE4012182EF67F0050E49A /* Instance.h */,
				770A51B516E23CE200872F21 /* Transform.h */,
				770A51B616E23CE200872F21 /* Util.h */,
			);
			path = SceneGraph;
			sourceTree = "<group>";
		};
		770FFFAF181C318E0074F472 /* demoview */ = {
			isa = PBXGroup;
			children = (
				770FFFB0181C318E0074F472 /* Supporting Files */,
			);
			path = demoview;
			sourceTree = "<group>";
		};
		770FFFB0181C318E0074F472 /* Supporting Files */ = {
			isa = PBXGroup;
			children = (
				770FFFB1181C318E0074F472 /* demoview-Info.plist */,
				770FFFB2181C318E0074F472 /* InfoPlist.strings */,
				770FFFB7181C318E0074F472 /* demoview-Prefix.pch */,
			);
			name = "Supporting Files";
			sourceTree = "<group>";
		};
		7750233217F0853D005F5112 /* Demo */ = {
			isa = PBXGroup;
			children = (
				7750233317F0853D005F5112 /* EffectBuffer.cpp */,
				7750233417F0853D005F5112 /* EffectBuffer.h */,
				7750233517F0853D005F5112 /* Demo.cpp */,
				7750233617F0853D005F5112 /* Demo.h */,
				7750233717F0853D005F5112 /* Scene.cpp */,
				7750233817F0853D005F5112 /* Scene.h */,
			);
			path = Demo;
			sourceTree = "<group>";
		};
		77B04A43168DE9700068FCE6 /* src */ = {
			isa = PBXGroup;
			children = (
				7750233217F0853D005F5112 /* Demo */,
				770A51AD16E23CE200872F21 /* SceneGraph */,
				770A517516DE6FCF00872F21 /* Core */,
				770A519116DE6FCF00872F21 /* EasyMIDIController */,
				770A519516DE6FCF00872F21 /* Gfx */,
				77B04A44168DE9700068FCE6 /* main.cpp */,
			);
			name = src;
			path = ../src;
			sourceTree = "<group>";
		};
		77E5212315DF2A87000595F8 = {
			isa = PBXGroup;
			children = (
				77B04A43168DE9700068FCE6 /* src */,
				77E5213815DF2A87000595F8 /* Resource */,
				77FD452517B3ED5A001B3F22 /* KSceneViewer */,
				770FFFAF181C318E0074F472 /* demoview */,
				77E5213115DF2A87000595F8 /* Frameworks */,
				77E5212F15DF2A87000595F8 /* Products */,
			);
			sourceTree = "<group>";
		};
		77E5212F15DF2A87000595F8 /* Products */ = {
			isa = PBXGroup;
			children = (
				77E5212E15DF2A87000595F8 /* MOE3.app */,
				77FD452317B3ED5A001B3F22 /* KSceneViewer.app */,
				770FFFAD181C318E0074F472 /* demoview.app */,
			);
			name = Products;
			sourceTree = "<group>";
		};
		77E5213115DF2A87000595F8 /* Frameworks */ = {
			isa = PBXGroup;
			children = (
				77FD455717B3EE42001B3F22 /* CoreMIDI.framework */,
				77FD455517B3EE3E001B3F22 /* OpenGL.framework */,
				77B04A6D168DF7FA0068FCE6 /* CoreMIDI.framework */,
				77E5215D15DF2CDE000595F8 /* OpenGL.framework */,
				77E5213215DF2A87000595F8 /* Cocoa.framework */,
				770FFFC8181C318E0074F472 /* XCTest.framework */,
				77E5213415DF2A87000595F8 /* Other Frameworks */,
			);
			name = Frameworks;
			sourceTree = "<group>";
		};
		77E5213415DF2A87000595F8 /* Other Frameworks */ = {
			isa = PBXGroup;
			children = (
				77E5213515DF2A87000595F8 /* AppKit.framework */,
				77E5213615DF2A87000595F8 /* CoreData.framework */,
				77E5213715DF2A87000595F8 /* Foundation.framework */,
			);
			name = "Other Frameworks";
			sourceTree = "<group>";
		};
		77E5213815DF2A87000595F8 /* Resource */ = {
			isa = PBXGroup;
			children = (
				77B04A46168DEA590068FCE6 /* MOE3-Info.plist */,
				77B04A48168DEA6D0068FCE6 /* MOE3-Prefix.pch */,
			);
			name = Resource;
			path = CoreWindowTest;
			sourceTree = "<group>";
		};
		77FD452517B3ED5A001B3F22 /* KSceneViewer */ = {
			isa = PBXGroup;
			children = (
				772676AC18144848004C0113 /* demo.lua */,
				77FD453A17B3EDDD001B3F22 /* viewermain.cpp */,
				770FFFEA181C32580074F472 /* demoview.cpp */,
				77FD452617B3ED5A001B3F22 /* Supporting Files */,
			);
			path = KSceneViewer;
			sourceTree = "<group>";
		};
		77FD452617B3ED5A001B3F22 /* Supporting Files */ = {
			isa = PBXGroup;
			children = (
				77FD452717B3ED5A001B3F22 /* KSceneViewer-Info.plist */,
				77FD452817B3ED5A001B3F22 /* InfoPlist.strings */,
				77FD452D17B3ED5A001B3F22 /* KSceneViewer-Prefix.pch */,
			);
			name = "Supporting Files";
			sourceTree = "<group>";
		};
/* End PBXGroup section */

/* Begin PBXNativeTarget section */
		770FFFAC181C318E0074F472 /* demoview */ = {
			isa = PBXNativeTarget;
			buildConfigurationList = 770FFFD9181C318E0074F472 /* Build configuration list for PBXNativeTarget "demoview" */;
			buildPhases = (
				770FFFA9181C318E0074F472 /* Sources */,
				770FFFAA181C318E0074F472 /* Frameworks */,
				770FFFAB181C318E0074F472 /* Resources */,
			);
			buildRules = (
			);
			dependencies = (
			);
			name = demoview;
			productName = demoview;
			productReference = 770FFFAD181C318E0074F472 /* demoview.app */;
			productType = "com.apple.product-type.application";
		};
		77E5212D15DF2A87000595F8 /* MOE3 */ = {
			isa = PBXNativeTarget;
			buildConfigurationList = 77E5214C15DF2A88000595F8 /* Build configuration list for PBXNativeTarget "MOE3" */;
			buildPhases = (
				77E5212A15DF2A87000595F8 /* Sources */,
				77E5212B15DF2A87000595F8 /* Frameworks */,
				77E5212C15DF2A87000595F8 /* Resources */,
			);
			buildRules = (
			);
			dependencies = (
			);
			name = MOE3;
			productName = CoreWindowTest;
			productReference = 77E5212E15DF2A87000595F8 /* MOE3.app */;
			productType = "com.apple.product-type.application";
		};
		77FD452217B3ED5A001B3F22 /* KSceneViewer */ = {
			isa = PBXNativeTarget;
			buildConfigurationList = 77FD453917B3ED5A001B3F22 /* Build configuration list for PBXNativeTarget "KSceneViewer" */;
			buildPhases = (
				77FD451F17B3ED5A001B3F22 /* Sources */,
				77FD452017B3ED5A001B3F22 /* Frameworks */,
				77FD452117B3ED5A001B3F22 /* Resources */,
			);
			buildRules = (
			);
			dependencies = (
			);
			name = KSceneViewer;
			productName = KSceneViewer;
			productReference = 77FD452317B3ED5A001B3F22 /* KSceneViewer.app */;
			productType = "com.apple.product-type.application";
		};
/* End PBXNativeTarget section */

/* Begin PBXProject section */
		77E5212515DF2A87000595F8 /* Project object */ = {
			isa = PBXProject;
			attributes = {
				LastUpgradeCheck = 0500;
				ORGANIZATIONNAME = kioku;
			};
			buildConfigurationList = 77E5212815DF2A87000595F8 /* Build configuration list for PBXProject "MOE3" */;
			compatibilityVersion = "Xcode 3.2";
			developmentRegion = English;
			hasScannedForEncodings = 0;
			knownRegions = (
				en,
				Base,
			);
			mainGroup = 77E5212315DF2A87000595F8;
			productRefGroup = 77E5212F15DF2A87000595F8 /* Products */;
			projectDirPath = "";
			projectRoot = "";
			targets = (
				77E5212D15DF2A87000595F8 /* MOE3 */,
				77FD452217B3ED5A001B3F22 /* KSceneViewer */,
				770FFFAC181C318E0074F472 /* demoview */,
			);
		};
/* End PBXProject section */

/* Begin PBXResourcesBuildPhase section */
		770FFFAB181C318E0074F472 /* Resources */ = {
			isa = PBXResourcesBuildPhase;
			buildActionMask = 2147483647;
			files = (
				770FFFB4181C318E0074F472 /* InfoPlist.strings in Resources */,
			);
			runOnlyForDeploymentPostprocessing = 0;
		};
		77E5212C15DF2A87000595F8 /* Resources */ = {
			isa = PBXResourcesBuildPhase;
			buildActionMask = 2147483647;
			files = (
			);
			runOnlyForDeploymentPostprocessing = 0;
		};
		77FD452117B3ED5A001B3F22 /* Resources */ = {
			isa = PBXResourcesBuildPhase;
			buildActionMask = 2147483647;
			files = (
				77FD452A17B3ED5A001B3F22 /* InfoPlist.strings in Resources */,
				772676AD18144848004C0113 /* demo.lua in Resources */,
			);
			runOnlyForDeploymentPostprocessing = 0;
		};
/* End PBXResourcesBuildPhase section */

/* Begin PBXSourcesBuildPhase section */
		770FFFA9181C318E0074F472 /* Sources */ = {
			isa = PBXSourcesBuildPhase;
			buildActionMask = 2147483647;
			files = (
				770FFFEE181C34300074F472 /* TextureObject.cpp in Sources */,
				770FFFDB181C32460074F472 /* EffectBuffer.cpp in Sources */,
				770FFFDC181C32460074F472 /* Demo.cpp in Sources */,
				770FFFDD181C32460074F472 /* Scene.cpp in Sources */,
				770FFFF3181C92A60074F472 /* FrameBufferObject.cpp in Sources */,
				770FFFDE181C32460074F472 /* AnimLoader.cpp in Sources */,
				770FFFDF181C32460074F472 /* MrzLoader.cpp in Sources */,
				770FFFE0181C32460074F472 /* CoreWindow_mac.mm in Sources */,
				770FFFE1181C32460074F472 /* Log.cpp in Sources */,
				770FFFE2181C32460074F472 /* Memory.cpp in Sources */,
				770FFFE3181C32460074F472 /* Stream.cpp in Sources */,
				770FFFE4181C32460074F472 /* EasyMIDIController.mm in Sources */,
				770FFFE5181C32460074F472 /* ShaderProgramObject.cpp in Sources */,
				770FFFE6181C32460074F472 /* RenderCommand.cpp in Sources */,
				770FFFE7181C32460074F472 /* RenderDevice.cpp in Sources */,
				770FFFEB181C32580074F472 /* demoview.cpp in Sources */,
				770FFFE8181C32460074F472 /* SceneGraphRender.cpp in Sources */,
				770FFFE9181C32460074F472 /* BufferObject.cpp in Sources */,
			);
			runOnlyForDeploymentPostprocessing = 0;
		};
		77E5212A15DF2A87000595F8 /* Sources */ = {
			isa = PBXSourcesBuildPhase;
			buildActionMask = 2147483647;
			files = (
				77B04A45168DE9700068FCE6 /* main.cpp in Sources */,
				770A51A216DE6FCF00872F21 /* CoreWindow_mac.mm in Sources */,
				770A51A516DE6FCF00872F21 /* Log.cpp in Sources */,
				770A51A616DE6FCF00872F21 /* Memory.cpp in Sources */,
				770A51A716DE6FCF00872F21 /* Stream.cpp in Sources */,
				770A51A916DE6FCF00872F21 /* EasyMIDIController.mm in Sources */,
				770A51AA16DE6FCF00872F21 /* WGLExtention.cpp in Sources */,
				770A51AC16DE6FCF00872F21 /* ShaderProgramObject.cpp in Sources */,
				77C04C8F1714731400C9269B /* MrzLoader.cpp in Sources */,
				77C04C981718959700C9269B /* AnimLoader.cpp in Sources */,
				779C2E8B176C9D8D00DE219C /* RenderCommand.cpp in Sources */,
				770FFFF1181C92A60074F472 /* FrameBufferObject.cpp in Sources */,
				779C2E8C176C9D8D00DE219C /* RenderDevice.cpp in Sources */,
				779C2E8D176C9D8D00DE219C /* SceneGraphRender.cpp in Sources */,
				779C2E8E176C9D8D00DE219C /* TextureObject.cpp in Sources */,
				779C2E91176C9E7E00DE219C /* BufferObject.cpp in Sources */,
				7750233917F0853D005F5112 /* EffectBuffer.cpp in Sources */,
				7750233A17F0853D005F5112 /* Demo.cpp in Sources */,
				7750233B17F0853D005F5112 /* Scene.cpp in Sources */,
			);
			runOnlyForDeploymentPostprocessing = 0;
		};
		77FD451F17B3ED5A001B3F22 /* Sources */ = {
			isa = PBXSourcesBuildPhase;
			buildActionMask = 2147483647;
			files = (
				772676A9181433B6004C0113 /* Demo.cpp in Sources */,
				772676AA181433BB004C0113 /* EffectBuffer.cpp in Sources */,
				772676AB181433BE004C0113 /* Scene.cpp in Sources */,
				77FD454A17B3EE2F001B3F22 /* CoreWindow_mac.mm in Sources */,
				770FFFF2181C92A60074F472 /* FrameBufferObject.cpp in Sources */,
				77FD454B17B3EE2F001B3F22 /* Log.cpp in Sources */,
				77FD454C17B3EE2F001B3F22 /* Memory.cpp in Sources */,
				77FD454D17B3EE2F001B3F22 /* Stream.cpp in Sources */,
				77FD454E17B3EE2F001B3F22 /* EasyMIDIController.mm in Sources */,
				77FD454F17B3EE2F001B3F22 /* ShaderProgramObject.cpp in Sources */,
				77FD455017B3EE2F001B3F22 /* RenderCommand.cpp in Sources */,
				77FD455117B3EE2F001B3F22 /* RenderDevice.cpp in Sources */,
				77FD455217B3EE2F001B3F22 /* SceneGraphRender.cpp in Sources */,
				77FD455317B3EE2F001B3F22 /* TextureObject.cpp in Sources */,
				77FD455417B3EE2F001B3F22 /* BufferObject.cpp in Sources */,
				77FD453D17B3EE08001B3F22 /* AnimLoader.cpp in Sources */,
				77FD453F17B3EE08001B3F22 /* MrzLoader.cpp in Sources */,
				77FD453B17B3EDDD001B3F22 /* viewermain.cpp in Sources */,
			);
			runOnlyForDeploymentPostprocessing = 0;
		};
/* End PBXSourcesBuildPhase section */

/* Begin PBXVariantGroup section */
		770FFFB2181C318E0074F472 /* InfoPlist.strings */ = {
			isa = PBXVariantGroup;
			children = (
				770FFFB3181C318E0074F472 /* en */,
			);
			name = InfoPlist.strings;
			sourceTree = "<group>";
		};
		77FD452817B3ED5A001B3F22 /* InfoPlist.strings */ = {
			isa = PBXVariantGroup;
			children = (
				77FD452917B3ED5A001B3F22 /* en */,
			);
			name = InfoPlist.strings;
			sourceTree = "<group>";
		};
/* End PBXVariantGroup section */

/* Begin XCBuildConfiguration section */
		770FFFD5181C318E0074F472 /* Debug */ = {
			isa = XCBuildConfiguration;
			buildSettings = {
				ASSETCATALOG_COMPILER_APPICON_NAME = AppIcon;
				CLANG_CXX_LIBRARY = "libc++";
				CLANG_ENABLE_OBJC_ARC = NO;
				CLANG_WARN_BOOL_CONVERSION = YES;
				CLANG_WARN_CONSTANT_CONVERSION = YES;
				CLANG_WARN_DIRECT_OBJC_ISA_USAGE = YES_ERROR;
				CLANG_WARN_EMPTY_BODY = YES;
				CLANG_WARN_ENUM_CONVERSION = YES;
				CLANG_WARN_INT_CONVERSION = YES;
				CLANG_WARN_OBJC_ROOT_CLASS = YES_ERROR;
				COMBINE_HIDPI_IMAGES = YES;
				GCC_PRECOMPILE_PREFIX_HEADER = YES;
				GCC_PREFIX_HEADER = "demoview/demoview-Prefix.pch";
				GCC_PREPROCESSOR_DEFINITIONS = (
					"DEBUG=1",
					"$(inherited)",
				);
				GCC_WARN_ABOUT_RETURN_TYPE = YES_ERROR;
				GCC_WARN_UNDECLARED_SELECTOR = YES;
				GCC_WARN_UNUSED_FUNCTION = YES;
				HEADER_SEARCH_PATHS = (
					"$(inherited)",
					/Applications/Xcode.app/Contents/Developer/Toolchains/XcodeDefault.xctoolchain/usr/include,
					"\"$(SRCROOT)/../lib/include\"",
				);
				INFOPLIST_FILE = "demoview/demoview-Info.plist";
				LIBRARY_SEARCH_PATHS = "\"$(SRCROOT)/../lib/mac\"";
				MACOSX_DEPLOYMENT_TARGET = 10.8;
				OTHER_CFLAGS = "-D_DEBUG";
				OTHER_LDFLAGS = "-llua";
				PRODUCT_NAME = "$(TARGET_NAME)";
				WRAPPER_EXTENSION = app;
			};
			name = Debug;
		};
		770FFFD6181C318E0074F472 /* Release */ = {
			isa = XCBuildConfiguration;
			buildSettings = {
				ASSETCATALOG_COMPILER_APPICON_NAME = AppIcon;
				CLANG_CXX_LIBRARY = "libc++";
				CLANG_ENABLE_OBJC_ARC = NO;
				CLANG_WARN_BOOL_CONVERSION = YES;
				CLANG_WARN_CONSTANT_CONVERSION = YES;
				CLANG_WARN_DIRECT_OBJC_ISA_USAGE = YES_ERROR;
				CLANG_WARN_EMPTY_BODY = YES;
				CLANG_WARN_ENUM_CONVERSION = YES;
				CLANG_WARN_INT_CONVERSION = YES;
				CLANG_WARN_OBJC_ROOT_CLASS = YES_ERROR;
				COMBINE_HIDPI_IMAGES = YES;
				ENABLE_NS_ASSERTIONS = NO;
				GCC_PRECOMPILE_PREFIX_HEADER = YES;
				GCC_PREFIX_HEADER = "demoview/demoview-Prefix.pch";
				GCC_WARN_ABOUT_RETURN_TYPE = YES_ERROR;
				GCC_WARN_UNDECLARED_SELECTOR = YES;
				GCC_WARN_UNUSED_FUNCTION = YES;
				HEADER_SEARCH_PATHS = (
					"$(inherited)",
					/Applications/Xcode.app/Contents/Developer/Toolchains/XcodeDefault.xctoolchain/usr/include,
					"\"$(SRCROOT)/../lib/include\"",
				);
				INFOPLIST_FILE = "demoview/demoview-Info.plist";
				LIBRARY_SEARCH_PATHS = "\"$(SRCROOT)/../lib/mac\"";
				MACOSX_DEPLOYMENT_TARGET = 10.8;
				OTHER_CFLAGS = "-D_DEBUG";
				OTHER_LDFLAGS = "-llua";
				PRODUCT_NAME = "$(TARGET_NAME)";
				WRAPPER_EXTENSION = app;
			};
			name = Release;
		};
		77E5214A15DF2A88000595F8 /* Debug */ = {
			isa = XCBuildConfiguration;
			buildSettings = {
				ALWAYS_SEARCH_USER_PATHS = NO;
				CLANG_CXX_LANGUAGE_STANDARD = "gnu++0x";
				CLANG_WARN__DUPLICATE_METHOD_MATCH = YES;
				COPY_PHASE_STRIP = NO;
				GCC_C_LANGUAGE_STANDARD = gnu99;
				GCC_DYNAMIC_NO_PIC = NO;
				GCC_ENABLE_OBJC_EXCEPTIONS = YES;
				GCC_OPTIMIZATION_LEVEL = 0;
				GCC_PREPROCESSOR_DEFINITIONS = (
					"DEBUG=1",
					"$(inherited)",
				);
				GCC_SYMBOLS_PRIVATE_EXTERN = NO;
				GCC_VERSION = "";
				GCC_WARN_64_TO_32_BIT_CONVERSION = YES;
				GCC_WARN_ABOUT_RETURN_TYPE = YES;
				GCC_WARN_UNINITIALIZED_AUTOS = YES;
				GCC_WARN_UNUSED_VARIABLE = YES;
				MACOSX_DEPLOYMENT_TARGET = 10.7;
				ONLY_ACTIVE_ARCH = YES;
				SDKROOT = macosx;
			};
			name = Debug;
		};
		77E5214B15DF2A88000595F8 /* Release */ = {
			isa = XCBuildConfiguration;
			buildSettings = {
				ALWAYS_SEARCH_USER_PATHS = NO;
				CLANG_CXX_LANGUAGE_STANDARD = "gnu++0x";
				CLANG_WARN__DUPLICATE_METHOD_MATCH = YES;
				COPY_PHASE_STRIP = YES;
				DEBUG_INFORMATION_FORMAT = "dwarf-with-dsym";
				GCC_C_LANGUAGE_STANDARD = gnu99;
				GCC_ENABLE_OBJC_EXCEPTIONS = YES;
				GCC_VERSION = "";
				GCC_WARN_64_TO_32_BIT_CONVERSION = YES;
				GCC_WARN_ABOUT_RETURN_TYPE = YES;
				GCC_WARN_UNINITIALIZED_AUTOS = YES;
				GCC_WARN_UNUSED_VARIABLE = YES;
				MACOSX_DEPLOYMENT_TARGET = 10.7;
				SDKROOT = macosx;
			};
			name = Release;
		};
		77E5214D15DF2A88000595F8 /* Debug */ = {
			isa = XCBuildConfiguration;
			buildSettings = {
				COMBINE_HIDPI_IMAGES = YES;
				GCC_PRECOMPILE_PREFIX_HEADER = YES;
				GCC_PREFIX_HEADER = "MOE3-Prefix.pch";
				GCC_PREPROCESSOR_DEFINITIONS = (
					"DEBUG=1",
					"$(inherited)",
				);
				HEADER_SEARCH_PATHS = (
					"$(inherited)",
					/Applications/Xcode.app/Contents/Developer/Toolchains/XcodeDefault.xctoolchain/usr/include,
					"\"$(SRCROOT)/../lib/include\"",
				);
				INFOPLIST_FILE = "$(SRCROOT)/MOE3-Info.plist";
				LIBRARY_SEARCH_PATHS = "\"$(SRCROOT)/../lib/mac\"";
				MACOSX_DEPLOYMENT_TARGET = 10.7;
				OTHER_CFLAGS = "";
				OTHER_LDFLAGS = "";
				PRODUCT_NAME = MOE3;
				WRAPPER_EXTENSION = app;
			};
			name = Debug;
		};
		77E5214E15DF2A88000595F8 /* Release */ = {
			isa = XCBuildConfiguration;
			buildSettings = {
				COMBINE_HIDPI_IMAGES = YES;
				GCC_PRECOMPILE_PREFIX_HEADER = YES;
				GCC_PREFIX_HEADER = "MOE3-Prefix.pch";
				GCC_PREPROCESSOR_DEFINITIONS = "";
				HEADER_SEARCH_PATHS = (
					"$(inherited)",
					/Applications/Xcode.app/Contents/Developer/Toolchains/XcodeDefault.xctoolchain/usr/include,
					"\"$(SRCROOT)/../lib/include\"",
				);
				INFOPLIST_FILE = "$(SRCROOT)/MOE3-Info.plist";
				LIBRARY_SEARCH_PATHS = "\"$(SRCROOT)/../lib/mac\"";
				MACOSX_DEPLOYMENT_TARGET = 10.7;
				OTHER_CFLAGS = "";
				OTHER_LDFLAGS = "";
				PRODUCT_NAME = MOE3;
				WRAPPER_EXTENSION = app;
			};
			name = Release;
		};
		77FD453717B3ED5A001B3F22 /* Debug */ = {
			isa = XCBuildConfiguration;
			buildSettings = {
				CLANG_CXX_LIBRARY = "libc++";
				CLANG_WARN_CONSTANT_CONVERSION = YES;
				CLANG_WARN_EMPTY_BODY = YES;
				CLANG_WARN_ENUM_CONVERSION = YES;
				CLANG_WARN_INT_CONVERSION = YES;
				COMBINE_HIDPI_IMAGES = YES;
				GCC_PRECOMPILE_PREFIX_HEADER = YES;
				GCC_PREFIX_HEADER = "KSceneViewer/KSceneViewer-Prefix.pch";
				HEADER_SEARCH_PATHS = (
					"$(inherited)",
					/Applications/Xcode.app/Contents/Developer/Toolchains/XcodeDefault.xctoolchain/usr/include,
					"\"$(SRCROOT)/../lib/include\"",
				);
				INFOPLIST_FILE = "KSceneViewer/KSceneViewer-Info.plist";
				LIBRARY_SEARCH_PATHS = "\"$(SRCROOT)/../lib/mac\"";
				MACOSX_DEPLOYMENT_TARGET = 10.8;
				OTHER_LDFLAGS = "-llua";
				PRODUCT_NAME = "$(TARGET_NAME)";
				SDKROOT = macosx;
				WRAPPER_EXTENSION = app;
			};
			name = Debug;
		};
		77FD453817B3ED5A001B3F22 /* Release */ = {
			isa = XCBuildConfiguration;
			buildSettings = {
				CLANG_CXX_LIBRARY = "libc++";
				CLANG_WARN_CONSTANT_CONVERSION = YES;
				CLANG_WARN_EMPTY_BODY = YES;
				CLANG_WARN_ENUM_CONVERSION = YES;
				CLANG_WARN_INT_CONVERSION = YES;
				COMBINE_HIDPI_IMAGES = YES;
				GCC_PRECOMPILE_PREFIX_HEADER = YES;
				GCC_PREFIX_HEADER = "KSceneViewer/KSceneViewer-Prefix.pch";
				HEADER_SEARCH_PATHS = (
					"$(inherited)",
					/Applications/Xcode.app/Contents/Developer/Toolchains/XcodeDefault.xctoolchain/usr/include,
					"\"$(SRCROOT)/../lib/include\"",
				);
				INFOPLIST_FILE = "KSceneViewer/KSceneViewer-Info.plist";
				LIBRARY_SEARCH_PATHS = "\"$(SRCROOT)/../lib/mac\"";
				MACOSX_DEPLOYMENT_TARGET = 10.8;
				OTHER_LDFLAGS = "-llua";
				PRODUCT_NAME = "$(TARGET_NAME)";
				SDKROOT = macosx;
				WRAPPER_EXTENSION = app;
			};
			name = Release;
		};
/* End XCBuildConfiguration section */

/* Begin XCConfigurationList section */
		770FFFD9181C318E0074F472 /* Build configuration list for PBXNativeTarget "demoview" */ = {
			isa = XCConfigurationList;
			buildConfigurations = (
				770FFFD5181C318E0074F472 /* Debug */,
				770FFFD6181C318E0074F472 /* Release */,
			);
			defaultConfigurationIsVisible = 0;
			defaultConfigurationName = Release;
		};
		77E5212815DF2A87000595F8 /* Build configuration list for PBXProject "MOE3" */ = {
			isa = XCConfigurationList;
			buildConfigurations = (
				77E5214A15DF2A88000595F8 /* Debug */,
				77E5214B15DF2A88000595F8 /* Release */,
			);
			defaultConfigurationIsVisible = 0;
			defaultConfigurationName = Release;
		};
		77E5214C15DF2A88000595F8 /* Build configuration list for PBXNativeTarget "MOE3" */ = {
			isa = XCConfigurationList;
			buildConfigurations = (
				77E5214D15DF2A88000595F8 /* Debug */,
				77E5214E15DF2A88000595F8 /* Release */,
			);
			defaultConfigurationIsVisible = 0;
			defaultConfigurationName = Release;
		};
		77FD453917B3ED5A001B3F22 /* Build configuration list for PBXNativeTarget "KSceneViewer" */ = {
			isa = XCConfigurationList;
			buildConfigurations = (
				77FD453717B3ED5A001B3F22 /* Debug */,
				77FD453817B3ED5A001B3F22 /* Release */,
			);
			defaultConfigurationIsVisible = 0;
			defaultConfigurationName = Release;
		};
/* End XCConfigurationList section */
	};
	rootObject = 77E5212515DF2A87000595F8 /* Project object */;
}
